// !$*UTF8*$!
{
	archiveVersion = 1;
	classes = {
	};
	objectVersion = 46;
	objects = {

/* Begin PBXBuildFile section */
		3D91051919A7CE760078A715 /* PUDBeaconsViewController.m in Sources */ = {isa = PBXBuildFile; fileRef = 3D91051819A7CE760078A715 /* PUDBeaconsViewController.m */; };
		3D91051A19A7CE760078A715 /* PUDBeaconsViewController.m in Sources */ = {isa = PBXBuildFile; fileRef = 3D91051819A7CE760078A715 /* PUDBeaconsViewController.m */; };
		3D91051B19A7CE760078A715 /* PUDBeaconsViewController.m in Sources */ = {isa = PBXBuildFile; fileRef = 3D91051819A7CE760078A715 /* PUDBeaconsViewController.m */; };
		3D91053019A7D4030078A715 /* libetpushsdk-3.3.0.a in Frameworks */ = {isa = PBXBuildFile; fileRef = 3D91052E19A7D4030078A715 /* libetpushsdk-3.3.0.a */; };
		3D91053119A7D4030078A715 /* libetpushsdk-3.3.0.a in Frameworks */ = {isa = PBXBuildFile; fileRef = 3D91052E19A7D4030078A715 /* libetpushsdk-3.3.0.a */; };
		3D91053219A7D4030078A715 /* libetpushsdk-3.3.0.a in Frameworks */ = {isa = PBXBuildFile; fileRef = 3D91052E19A7D4030078A715 /* libetpushsdk-3.3.0.a */; };
		4D2180D819490A5C004F6095 /* PUDPageContentViewController.m in Sources */ = {isa = PBXBuildFile; fileRef = 4D2180D719490A5C004F6095 /* PUDPageContentViewController.m */; };
		4D2180DB194A9D37004F6095 /* PUDSendMessageViewController.m in Sources */ = {isa = PBXBuildFile; fileRef = 4D2180DA194A9D37004F6095 /* PUDSendMessageViewController.m */; };
		4D2180E2194B7B87004F6095 /* PUDAbstractPageViewController.m in Sources */ = {isa = PBXBuildFile; fileRef = 4D2180E1194B7B87004F6095 /* PUDAbstractPageViewController.m */; };
		4D2DDFF5191051BD00B65B6F /* Foundation.framework in Frameworks */ = {isa = PBXBuildFile; fileRef = 4D2DDFF4191051BD00B65B6F /* Foundation.framework */; };
		4D2DDFF7191051BD00B65B6F /* CoreGraphics.framework in Frameworks */ = {isa = PBXBuildFile; fileRef = 4D2DDFF6191051BD00B65B6F /* CoreGraphics.framework */; };
		4D2DDFF9191051BD00B65B6F /* UIKit.framework in Frameworks */ = {isa = PBXBuildFile; fileRef = 4D2DDFF8191051BD00B65B6F /* UIKit.framework */; };
		4D2DDFFF191051BD00B65B6F /* InfoPlist.strings in Resources */ = {isa = PBXBuildFile; fileRef = 4D2DDFFD191051BD00B65B6F /* InfoPlist.strings */; };
		4D2DE001191051BD00B65B6F /* main.m in Sources */ = {isa = PBXBuildFile; fileRef = 4D2DE000191051BD00B65B6F /* main.m */; };
		4D2DE005191051BD00B65B6F /* PUDAppDelegate.m in Sources */ = {isa = PBXBuildFile; fileRef = 4D2DE004191051BD00B65B6F /* PUDAppDelegate.m */; };
		4D2DE008191051BD00B65B6F /* Main.storyboard in Resources */ = {isa = PBXBuildFile; fileRef = 4D2DE006191051BD00B65B6F /* Main.storyboard */; };
		4D2DE010191051BD00B65B6F /* Images.xcassets in Resources */ = {isa = PBXBuildFile; fileRef = 4D2DE00F191051BD00B65B6F /* Images.xcassets */; };
		4D2DE017191051BD00B65B6F /* XCTest.framework in Frameworks */ = {isa = PBXBuildFile; fileRef = 4D2DE016191051BD00B65B6F /* XCTest.framework */; };
		4D2DE018191051BD00B65B6F /* Foundation.framework in Frameworks */ = {isa = PBXBuildFile; fileRef = 4D2DDFF4191051BD00B65B6F /* Foundation.framework */; };
		4D2DE019191051BD00B65B6F /* UIKit.framework in Frameworks */ = {isa = PBXBuildFile; fileRef = 4D2DDFF8191051BD00B65B6F /* UIKit.framework */; };
		4D2DE021191051BD00B65B6F /* InfoPlist.strings in Resources */ = {isa = PBXBuildFile; fileRef = 4D2DE01F191051BD00B65B6F /* InfoPlist.strings */; };
		4D2DE023191051BD00B65B6F /* PublicDemoTests.m in Sources */ = {isa = PBXBuildFile; fileRef = 4D2DE022191051BD00B65B6F /* PublicDemoTests.m */; };
		4D2DE0321910525900B65B6F /* libsqlite3.dylib in Frameworks */ = {isa = PBXBuildFile; fileRef = 4D2DE0311910525900B65B6F /* libsqlite3.dylib */; };
		4D2DE04B19105BB100B65B6F /* PUDConstants.m in Sources */ = {isa = PBXBuildFile; fileRef = 4D2DE04A19105BB100B65B6F /* PUDConstants.m */; };
		4D2DE05519117CBA00B65B6F /* PUDPreferencesTableViewController.m in Sources */ = {isa = PBXBuildFile; fileRef = 4D2DE05419117CBA00B65B6F /* PUDPreferencesTableViewController.m */; };
		4D57233419377AA5007B1464 /* AFHTTPRequestOperation.m in Sources */ = {isa = PBXBuildFile; fileRef = 4D57231219377AA5007B1464 /* AFHTTPRequestOperation.m */; };
		4D57233519377AA5007B1464 /* AFHTTPRequestOperationManager.m in Sources */ = {isa = PBXBuildFile; fileRef = 4D57231419377AA5007B1464 /* AFHTTPRequestOperationManager.m */; };
		4D57233619377AA5007B1464 /* AFHTTPSessionManager.m in Sources */ = {isa = PBXBuildFile; fileRef = 4D57231619377AA5007B1464 /* AFHTTPSessionManager.m */; };
		4D57233719377AA5007B1464 /* AFNetworkReachabilityManager.m in Sources */ = {isa = PBXBuildFile; fileRef = 4D57231919377AA5007B1464 /* AFNetworkReachabilityManager.m */; };
		4D57233819377AA5007B1464 /* AFSecurityPolicy.m in Sources */ = {isa = PBXBuildFile; fileRef = 4D57231B19377AA5007B1464 /* AFSecurityPolicy.m */; };
		4D57233919377AA5007B1464 /* AFURLConnectionOperation.m in Sources */ = {isa = PBXBuildFile; fileRef = 4D57231D19377AA5007B1464 /* AFURLConnectionOperation.m */; };
		4D57233A19377AA5007B1464 /* AFURLRequestSerialization.m in Sources */ = {isa = PBXBuildFile; fileRef = 4D57231F19377AA5007B1464 /* AFURLRequestSerialization.m */; };
		4D57233B19377AA5007B1464 /* AFURLResponseSerialization.m in Sources */ = {isa = PBXBuildFile; fileRef = 4D57232119377AA5007B1464 /* AFURLResponseSerialization.m */; };
		4D57233C19377AA5007B1464 /* AFURLSessionManager.m in Sources */ = {isa = PBXBuildFile; fileRef = 4D57232319377AA5007B1464 /* AFURLSessionManager.m */; };
		4D57233D19377AA5007B1464 /* UIColor+ExactTargetColors.m in Sources */ = {isa = PBXBuildFile; fileRef = 4D57232619377AA5007B1464 /* UIColor+ExactTargetColors.m */; };
		4D57233F19377AA5007B1464 /* JDStatusBarNotification.m in Sources */ = {isa = PBXBuildFile; fileRef = 4D57232B19377AA5007B1464 /* JDStatusBarNotification.m */; };
		4D57234019377AA5007B1464 /* JDStatusBarStyle.m in Sources */ = {isa = PBXBuildFile; fileRef = 4D57232D19377AA5007B1464 /* JDStatusBarStyle.m */; };
		4D57234119377AA5007B1464 /* JDStatusBarView.m in Sources */ = {isa = PBXBuildFile; fileRef = 4D57232F19377AA5007B1464 /* JDStatusBarView.m */; };
		4D57234219377AA5007B1464 /* PBWebViewController.m in Sources */ = {isa = PBXBuildFile; fileRef = 4D57233219377AA5007B1464 /* PBWebViewController.m */; };
		4D5723591937E19F007B1464 /* PUDHomeViewController.m in Sources */ = {isa = PBXBuildFile; fileRef = 4D5723581937E19F007B1464 /* PUDHomeViewController.m */; };
		4D651C54191D54AB000BAF5E /* PUDMessagePayload.m in Sources */ = {isa = PBXBuildFile; fileRef = 4D651C53191D54AB000BAF5E /* PUDMessagePayload.m */; };
		4D667BA0191D9BDD0015BC2E /* AFHTTPRequestOperationManager+AuthenticatedFuelRequest.m in Sources */ = {isa = PBXBuildFile; fileRef = 4D667B9F191D9BDD0015BC2E /* AFHTTPRequestOperationManager+AuthenticatedFuelRequest.m */; };
		4D667BAD192005370015BC2E /* PUDPreferencesTableViewCell.m in Sources */ = {isa = PBXBuildFile; fileRef = 4D667BAC192005370015BC2E /* PUDPreferencesTableViewCell.m */; };
		4D667BB019200DB90015BC2E /* PUDPreferencesTableData.m in Sources */ = {isa = PBXBuildFile; fileRef = 4D667BAF19200DB90015BC2E /* PUDPreferencesTableData.m */; };
		4D71546219183EE60040A1CC /* PUDMessageComposeTableViewController.m in Sources */ = {isa = PBXBuildFile; fileRef = 4D71546119183EE60040A1CC /* PUDMessageComposeTableViewController.m */; };
		4D71546819183F660040A1CC /* PUDFuelService.m in Sources */ = {isa = PBXBuildFile; fileRef = 4D71546719183F660040A1CC /* PUDFuelService.m */; };
		4D71546B19183F820040A1CC /* PUDServiceProvider.m in Sources */ = {isa = PBXBuildFile; fileRef = 4D71546A19183F820040A1CC /* PUDServiceProvider.m */; };
		4D715470191923AA0040A1CC /* PUDDefaultMessageModel.m in Sources */ = {isa = PBXBuildFile; fileRef = 4D71546F191923AA0040A1CC /* PUDDefaultMessageModel.m */; };
		4D72EE1D195DEF2A00068553 /* PUDAppSettingConstants.m in Sources */ = {isa = PBXBuildFile; fileRef = 4DEB0ADE195DC22900790CEF /* PUDAppSettingConstants.m */; };
		4D95F14319256984002A5A43 /* MobileCoreServices.framework in Frameworks */ = {isa = PBXBuildFile; fileRef = 4D95F14219256984002A5A43 /* MobileCoreServices.framework */; };
		4DA92C9C196D7F740005BC8E /* QuartzCore.framework in Frameworks */ = {isa = PBXBuildFile; fileRef = 4DA92C9B196D7F740005BC8E /* QuartzCore.framework */; };
		4DA92C9D196D7F7A0005BC8E /* QuartzCore.framework in Frameworks */ = {isa = PBXBuildFile; fileRef = 4DA92C9B196D7F740005BC8E /* QuartzCore.framework */; };
		4DA92C9E196D7F800005BC8E /* QuartzCore.framework in Frameworks */ = {isa = PBXBuildFile; fileRef = 4DA92C9B196D7F740005BC8E /* QuartzCore.framework */; };
		4DC426A91923AE9D002168F7 /* PUDMessageComposeTableData.m in Sources */ = {isa = PBXBuildFile; fileRef = 4DC426A81923AE9D002168F7 /* PUDMessageComposeTableData.m */; };
		4DC426AC1923ECF3002168F7 /* PUDDataPickerView.m in Sources */ = {isa = PBXBuildFile; fileRef = 4DC426AB1923ECF3002168F7 /* PUDDataPickerView.m */; };
		4DC4D67D1925B5BA00128F29 /* PUDInfoViewController.m in Sources */ = {isa = PBXBuildFile; fileRef = 4DC4D67C1925B5BA00128F29 /* PUDInfoViewController.m */; };
		4DC4D6801925C16000128F29 /* PUDUtility.m in Sources */ = {isa = PBXBuildFile; fileRef = 4DC4D67F1925C16000128F29 /* PUDUtility.m */; };
		4DC4D6EF192A497900128F29 /* PUDDiscountTableViewController.m in Sources */ = {isa = PBXBuildFile; fileRef = 4DC4D6EE192A497900128F29 /* PUDDiscountTableViewController.m */; };
		4DC4D6F2192A4AF700128F29 /* PUDDiscountTableData.m in Sources */ = {isa = PBXBuildFile; fileRef = 4DC4D6F1192A4AF700128F29 /* PUDDiscountTableData.m */; };
		4DC4D6F4192A572F00128F29 /* fre3of9x.ttf in Resources */ = {isa = PBXBuildFile; fileRef = 4DC4D6F3192A572F00128F29 /* fre3of9x.ttf */; };
		4DCFB92F192127CB00BF96BB /* PUDMessageReceivedTableViewController.m in Sources */ = {isa = PBXBuildFile; fileRef = 4DCFB92E192127CB00BF96BB /* PUDMessageReceivedTableViewController.m */; };
		4DCFB93219227BD300BF96BB /* PUDNavigationController.m in Sources */ = {isa = PBXBuildFile; fileRef = 4DCFB93119227BD300BF96BB /* PUDNavigationController.m */; };
		4DCFB93519227E4700BF96BB /* PUDTabBarController.m in Sources */ = {isa = PBXBuildFile; fileRef = 4DCFB93419227E4700BF96BB /* PUDTabBarController.m */; };
		4DCFB93A1922842300BF96BB /* custom.caf in Resources */ = {isa = PBXBuildFile; fileRef = 4DCFB9391922842300BF96BB /* custom.caf */; };
		4DD373EA19632DCF0005E6FF /* PUDCloudPageInboxViewController.m in Sources */ = {isa = PBXBuildFile; fileRef = 4DD373E919632DCF0005E6FF /* PUDCloudPageInboxViewController.m */; };
		4DD373EB19632DCF0005E6FF /* PUDCloudPageInboxViewController.m in Sources */ = {isa = PBXBuildFile; fileRef = 4DD373E919632DCF0005E6FF /* PUDCloudPageInboxViewController.m */; };
		4DD373EC19632DCF0005E6FF /* PUDCloudPageInboxViewController.m in Sources */ = {isa = PBXBuildFile; fileRef = 4DD373E919632DCF0005E6FF /* PUDCloudPageInboxViewController.m */; };
		4DEB0ADF195DC22900790CEF /* PUDAppSettingConstants.m in Sources */ = {isa = PBXBuildFile; fileRef = 4DEB0ADE195DC22900790CEF /* PUDAppSettingConstants.m */; };
		4DEB0AE2195DE31600790CEF /* PUDServiceProvider.m in Sources */ = {isa = PBXBuildFile; fileRef = 4D71546A19183F820040A1CC /* PUDServiceProvider.m */; };
		4DEB0AE3195DE31600790CEF /* AFNetworkReachabilityManager.m in Sources */ = {isa = PBXBuildFile; fileRef = 4D57231919377AA5007B1464 /* AFNetworkReachabilityManager.m */; };
		4DEB0AE4195DE31600790CEF /* PUDHomeViewController.m in Sources */ = {isa = PBXBuildFile; fileRef = 4D5723581937E19F007B1464 /* PUDHomeViewController.m */; };
		4DEB0AE5195DE31600790CEF /* PUDInfoViewController.m in Sources */ = {isa = PBXBuildFile; fileRef = 4DC4D67C1925B5BA00128F29 /* PUDInfoViewController.m */; };
		4DEB0AE6195DE31600790CEF /* PUDMessageComposeTableViewController.m in Sources */ = {isa = PBXBuildFile; fileRef = 4D71546119183EE60040A1CC /* PUDMessageComposeTableViewController.m */; };
		4DEB0AE7195DE31600790CEF /* JDStatusBarView.m in Sources */ = {isa = PBXBuildFile; fileRef = 4D57232F19377AA5007B1464 /* JDStatusBarView.m */; };
		4DEB0AE8195DE31600790CEF /* PUDDefaultMessageModel.m in Sources */ = {isa = PBXBuildFile; fileRef = 4D71546F191923AA0040A1CC /* PUDDefaultMessageModel.m */; };
		4DEB0AE9195DE31600790CEF /* PUDFuelService.m in Sources */ = {isa = PBXBuildFile; fileRef = 4D71546719183F660040A1CC /* PUDFuelService.m */; };
		4DEB0AEA195DE31600790CEF /* PUDDiscountTableViewController.m in Sources */ = {isa = PBXBuildFile; fileRef = 4DC4D6EE192A497900128F29 /* PUDDiscountTableViewController.m */; };
		4DEB0AEB195DE31600790CEF /* PBWebViewController.m in Sources */ = {isa = PBXBuildFile; fileRef = 4D57233219377AA5007B1464 /* PBWebViewController.m */; };
		4DEB0AEC195DE31600790CEF /* AFURLSessionManager.m in Sources */ = {isa = PBXBuildFile; fileRef = 4D57232319377AA5007B1464 /* AFURLSessionManager.m */; };
		4DEB0AED195DE31600790CEF /* PUDConstants.m in Sources */ = {isa = PBXBuildFile; fileRef = 4D2DE04A19105BB100B65B6F /* PUDConstants.m */; };
		4DEB0AEE195DE31600790CEF /* PUDMessagePayload.m in Sources */ = {isa = PBXBuildFile; fileRef = 4D651C53191D54AB000BAF5E /* PUDMessagePayload.m */; };
		4DEB0AF0195DE31600790CEF /* PUDAppSettingConstants.m in Sources */ = {isa = PBXBuildFile; fileRef = 4DEB0ADE195DC22900790CEF /* PUDAppSettingConstants.m */; };
		4DEB0AF1195DE31600790CEF /* PUDAppDelegate.m in Sources */ = {isa = PBXBuildFile; fileRef = 4D2DE004191051BD00B65B6F /* PUDAppDelegate.m */; };
		4DEB0AF2195DE31600790CEF /* PUDSendMessageViewController.m in Sources */ = {isa = PBXBuildFile; fileRef = 4D2180DA194A9D37004F6095 /* PUDSendMessageViewController.m */; };
		4DEB0AF3195DE31600790CEF /* PUDAbstractPageViewController.m in Sources */ = {isa = PBXBuildFile; fileRef = 4D2180E1194B7B87004F6095 /* PUDAbstractPageViewController.m */; };
		4DEB0AF4195DE31600790CEF /* PUDTabBarController.m in Sources */ = {isa = PBXBuildFile; fileRef = 4DCFB93419227E4700BF96BB /* PUDTabBarController.m */; };
		4DEB0AF6195DE31600790CEF /* PUDMessageReceivedTableViewController.m in Sources */ = {isa = PBXBuildFile; fileRef = 4DCFB92E192127CB00BF96BB /* PUDMessageReceivedTableViewController.m */; };
		4DEB0AF7195DE31600790CEF /* UIColor+ExactTargetColors.m in Sources */ = {isa = PBXBuildFile; fileRef = 4D57232619377AA5007B1464 /* UIColor+ExactTargetColors.m */; };
		4DEB0AF8195DE31600790CEF /* JDStatusBarStyle.m in Sources */ = {isa = PBXBuildFile; fileRef = 4D57232D19377AA5007B1464 /* JDStatusBarStyle.m */; };
		4DEB0AF9195DE31600790CEF /* JDStatusBarNotification.m in Sources */ = {isa = PBXBuildFile; fileRef = 4D57232B19377AA5007B1464 /* JDStatusBarNotification.m */; };
		4DEB0AFA195DE31600790CEF /* PUDPreferencesTableViewController.m in Sources */ = {isa = PBXBuildFile; fileRef = 4D2DE05419117CBA00B65B6F /* PUDPreferencesTableViewController.m */; };
		4DEB0AFB195DE31600790CEF /* PUDPreferencesTableData.m in Sources */ = {isa = PBXBuildFile; fileRef = 4D667BAF19200DB90015BC2E /* PUDPreferencesTableData.m */; };
		4DEB0AFC195DE31600790CEF /* PUDPageContentViewController.m in Sources */ = {isa = PBXBuildFile; fileRef = 4D2180D719490A5C004F6095 /* PUDPageContentViewController.m */; };
		4DEB0AFD195DE31600790CEF /* PUDPreferencesTableViewCell.m in Sources */ = {isa = PBXBuildFile; fileRef = 4D667BAC192005370015BC2E /* PUDPreferencesTableViewCell.m */; };
		4DEB0AFE195DE31600790CEF /* AFURLResponseSerialization.m in Sources */ = {isa = PBXBuildFile; fileRef = 4D57232119377AA5007B1464 /* AFURLResponseSerialization.m */; };
		4DEB0AFF195DE31600790CEF /* AFHTTPRequestOperation.m in Sources */ = {isa = PBXBuildFile; fileRef = 4D57231219377AA5007B1464 /* AFHTTPRequestOperation.m */; };
		4DEB0B00195DE31600790CEF /* AFURLConnectionOperation.m in Sources */ = {isa = PBXBuildFile; fileRef = 4D57231D19377AA5007B1464 /* AFURLConnectionOperation.m */; };
		4DEB0B01195DE31600790CEF /* AFHTTPRequestOperationManager.m in Sources */ = {isa = PBXBuildFile; fileRef = 4D57231419377AA5007B1464 /* AFHTTPRequestOperationManager.m */; };
		4DEB0B02195DE31600790CEF /* PUDMessageComposeTableData.m in Sources */ = {isa = PBXBuildFile; fileRef = 4DC426A81923AE9D002168F7 /* PUDMessageComposeTableData.m */; };
		4DEB0B03195DE31600790CEF /* AFHTTPRequestOperationManager+AuthenticatedFuelRequest.m in Sources */ = {isa = PBXBuildFile; fileRef = 4D667B9F191D9BDD0015BC2E /* AFHTTPRequestOperationManager+AuthenticatedFuelRequest.m */; };
		4DEB0B04195DE31600790CEF /* PUDDataPickerView.m in Sources */ = {isa = PBXBuildFile; fileRef = 4DC426AB1923ECF3002168F7 /* PUDDataPickerView.m */; };
		4DEB0B05195DE31600790CEF /* PUDDiscountTableData.m in Sources */ = {isa = PBXBuildFile; fileRef = 4DC4D6F1192A4AF700128F29 /* PUDDiscountTableData.m */; };
		4DEB0B06195DE31600790CEF /* PUDNavigationController.m in Sources */ = {isa = PBXBuildFile; fileRef = 4DCFB93119227BD300BF96BB /* PUDNavigationController.m */; };
		4DEB0B07195DE31600790CEF /* AFURLRequestSerialization.m in Sources */ = {isa = PBXBuildFile; fileRef = 4D57231F19377AA5007B1464 /* AFURLRequestSerialization.m */; };
		4DEB0B08195DE31600790CEF /* AFSecurityPolicy.m in Sources */ = {isa = PBXBuildFile; fileRef = 4D57231B19377AA5007B1464 /* AFSecurityPolicy.m */; };
		4DEB0B09195DE31600790CEF /* AFHTTPSessionManager.m in Sources */ = {isa = PBXBuildFile; fileRef = 4D57231619377AA5007B1464 /* AFHTTPSessionManager.m */; };
		4DEB0B0A195DE31600790CEF /* PUDUtility.m in Sources */ = {isa = PBXBuildFile; fileRef = 4DC4D67F1925C16000128F29 /* PUDUtility.m */; };
		4DEB0B0B195DE31600790CEF /* main.m in Sources */ = {isa = PBXBuildFile; fileRef = 4D2DE000191051BD00B65B6F /* main.m */; };
		4DEB0B0D195DE31600790CEF /* MobileCoreServices.framework in Frameworks */ = {isa = PBXBuildFile; fileRef = 4D95F14219256984002A5A43 /* MobileCoreServices.framework */; };
		4DEB0B0E195DE31600790CEF /* libsqlite3.dylib in Frameworks */ = {isa = PBXBuildFile; fileRef = 4D2DE0311910525900B65B6F /* libsqlite3.dylib */; };
		4DEB0B0F195DE31600790CEF /* CoreGraphics.framework in Frameworks */ = {isa = PBXBuildFile; fileRef = 4D2DDFF6191051BD00B65B6F /* CoreGraphics.framework */; };
		4DEB0B11195DE31600790CEF /* UIKit.framework in Frameworks */ = {isa = PBXBuildFile; fileRef = 4D2DDFF8191051BD00B65B6F /* UIKit.framework */; };
		4DEB0B12195DE31600790CEF /* Foundation.framework in Frameworks */ = {isa = PBXBuildFile; fileRef = 4D2DDFF4191051BD00B65B6F /* Foundation.framework */; };
		4DEB0B14195DE31600790CEF /* custom.caf in Resources */ = {isa = PBXBuildFile; fileRef = 4DCFB9391922842300BF96BB /* custom.caf */; };
		4DEB0B15195DE31600790CEF /* Images.xcassets in Resources */ = {isa = PBXBuildFile; fileRef = 4D2DE00F191051BD00B65B6F /* Images.xcassets */; };
		4DEB0B16195DE31600790CEF /* InfoPlist.strings in Resources */ = {isa = PBXBuildFile; fileRef = 4D2DDFFD191051BD00B65B6F /* InfoPlist.strings */; };
		4DEB0B17195DE31600790CEF /* fre3of9x.ttf in Resources */ = {isa = PBXBuildFile; fileRef = 4DC4D6F3192A572F00128F29 /* fre3of9x.ttf */; };
		4DEB0B18195DE31600790CEF /* Main.storyboard in Resources */ = {isa = PBXBuildFile; fileRef = 4D2DE006191051BD00B65B6F /* Main.storyboard */; };
		4DEC6D14196CDD4F00322A99 /* PUDCloudPageInboxDataSource.m in Sources */ = {isa = PBXBuildFile; fileRef = 4DEC6D13196CDD4F00322A99 /* PUDCloudPageInboxDataSource.m */; };
		4DEC6D15196CDD4F00322A99 /* PUDCloudPageInboxDataSource.m in Sources */ = {isa = PBXBuildFile; fileRef = 4DEC6D13196CDD4F00322A99 /* PUDCloudPageInboxDataSource.m */; };
		4DEC6D16196CDD4F00322A99 /* PUDCloudPageInboxDataSource.m in Sources */ = {isa = PBXBuildFile; fileRef = 4DEC6D13196CDD4F00322A99 /* PUDCloudPageInboxDataSource.m */; };
		4DEC6D19196CE4A500322A99 /* PUDCloudPageInboxTableViewCell.m in Sources */ = {isa = PBXBuildFile; fileRef = 4DEC6D18196CE4A500322A99 /* PUDCloudPageInboxTableViewCell.m */; };
		4DEC6D1A196CE4A500322A99 /* PUDCloudPageInboxTableViewCell.m in Sources */ = {isa = PBXBuildFile; fileRef = 4DEC6D18196CE4A500322A99 /* PUDCloudPageInboxTableViewCell.m */; };
		4DEC6D1B196CE4A500322A99 /* PUDCloudPageInboxTableViewCell.m in Sources */ = {isa = PBXBuildFile; fileRef = 4DEC6D18196CE4A500322A99 /* PUDCloudPageInboxTableViewCell.m */; };
		7F22BEA51958706000FB6562 /* PUDServiceProvider.m in Sources */ = {isa = PBXBuildFile; fileRef = 4D71546A19183F820040A1CC /* PUDServiceProvider.m */; };
		7F22BEA61958706000FB6562 /* AFNetworkReachabilityManager.m in Sources */ = {isa = PBXBuildFile; fileRef = 4D57231919377AA5007B1464 /* AFNetworkReachabilityManager.m */; };
		7F22BEA71958706000FB6562 /* PUDHomeViewController.m in Sources */ = {isa = PBXBuildFile; fileRef = 4D5723581937E19F007B1464 /* PUDHomeViewController.m */; };
		7F22BEA81958706000FB6562 /* PUDInfoViewController.m in Sources */ = {isa = PBXBuildFile; fileRef = 4DC4D67C1925B5BA00128F29 /* PUDInfoViewController.m */; };
		7F22BEA91958706000FB6562 /* PUDMessageComposeTableViewController.m in Sources */ = {isa = PBXBuildFile; fileRef = 4D71546119183EE60040A1CC /* PUDMessageComposeTableViewController.m */; };
		7F22BEAA1958706000FB6562 /* JDStatusBarView.m in Sources */ = {isa = PBXBuildFile; fileRef = 4D57232F19377AA5007B1464 /* JDStatusBarView.m */; };
		7F22BEAB1958706000FB6562 /* PUDDefaultMessageModel.m in Sources */ = {isa = PBXBuildFile; fileRef = 4D71546F191923AA0040A1CC /* PUDDefaultMessageModel.m */; };
		7F22BEAC1958706000FB6562 /* PUDFuelService.m in Sources */ = {isa = PBXBuildFile; fileRef = 4D71546719183F660040A1CC /* PUDFuelService.m */; };
		7F22BEAD1958706000FB6562 /* PUDDiscountTableViewController.m in Sources */ = {isa = PBXBuildFile; fileRef = 4DC4D6EE192A497900128F29 /* PUDDiscountTableViewController.m */; };
		7F22BEAE1958706000FB6562 /* PBWebViewController.m in Sources */ = {isa = PBXBuildFile; fileRef = 4D57233219377AA5007B1464 /* PBWebViewController.m */; };
		7F22BEAF1958706000FB6562 /* AFURLSessionManager.m in Sources */ = {isa = PBXBuildFile; fileRef = 4D57232319377AA5007B1464 /* AFURLSessionManager.m */; };
		7F22BEB01958706000FB6562 /* PUDConstants.m in Sources */ = {isa = PBXBuildFile; fileRef = 4D2DE04A19105BB100B65B6F /* PUDConstants.m */; };
		7F22BEB11958706000FB6562 /* PUDMessagePayload.m in Sources */ = {isa = PBXBuildFile; fileRef = 4D651C53191D54AB000BAF5E /* PUDMessagePayload.m */; };
		7F22BEB31958706000FB6562 /* PUDAppDelegate.m in Sources */ = {isa = PBXBuildFile; fileRef = 4D2DE004191051BD00B65B6F /* PUDAppDelegate.m */; };
		7F22BEB41958706000FB6562 /* PUDSendMessageViewController.m in Sources */ = {isa = PBXBuildFile; fileRef = 4D2180DA194A9D37004F6095 /* PUDSendMessageViewController.m */; };
		7F22BEB51958706000FB6562 /* PUDAbstractPageViewController.m in Sources */ = {isa = PBXBuildFile; fileRef = 4D2180E1194B7B87004F6095 /* PUDAbstractPageViewController.m */; };
		7F22BEB61958706000FB6562 /* PUDTabBarController.m in Sources */ = {isa = PBXBuildFile; fileRef = 4DCFB93419227E4700BF96BB /* PUDTabBarController.m */; };
		7F22BEB81958706000FB6562 /* PUDMessageReceivedTableViewController.m in Sources */ = {isa = PBXBuildFile; fileRef = 4DCFB92E192127CB00BF96BB /* PUDMessageReceivedTableViewController.m */; };
		7F22BEB91958706000FB6562 /* UIColor+ExactTargetColors.m in Sources */ = {isa = PBXBuildFile; fileRef = 4D57232619377AA5007B1464 /* UIColor+ExactTargetColors.m */; };
		7F22BEBA1958706000FB6562 /* JDStatusBarStyle.m in Sources */ = {isa = PBXBuildFile; fileRef = 4D57232D19377AA5007B1464 /* JDStatusBarStyle.m */; };
		7F22BEBB1958706000FB6562 /* JDStatusBarNotification.m in Sources */ = {isa = PBXBuildFile; fileRef = 4D57232B19377AA5007B1464 /* JDStatusBarNotification.m */; };
		7F22BEBC1958706000FB6562 /* PUDPreferencesTableViewController.m in Sources */ = {isa = PBXBuildFile; fileRef = 4D2DE05419117CBA00B65B6F /* PUDPreferencesTableViewController.m */; };
		7F22BEBD1958706000FB6562 /* PUDPreferencesTableData.m in Sources */ = {isa = PBXBuildFile; fileRef = 4D667BAF19200DB90015BC2E /* PUDPreferencesTableData.m */; };
		7F22BEBE1958706000FB6562 /* PUDPageContentViewController.m in Sources */ = {isa = PBXBuildFile; fileRef = 4D2180D719490A5C004F6095 /* PUDPageContentViewController.m */; };
		7F22BEBF1958706000FB6562 /* PUDPreferencesTableViewCell.m in Sources */ = {isa = PBXBuildFile; fileRef = 4D667BAC192005370015BC2E /* PUDPreferencesTableViewCell.m */; };
		7F22BEC01958706000FB6562 /* AFURLResponseSerialization.m in Sources */ = {isa = PBXBuildFile; fileRef = 4D57232119377AA5007B1464 /* AFURLResponseSerialization.m */; };
		7F22BEC11958706000FB6562 /* AFHTTPRequestOperation.m in Sources */ = {isa = PBXBuildFile; fileRef = 4D57231219377AA5007B1464 /* AFHTTPRequestOperation.m */; };
		7F22BEC21958706000FB6562 /* AFURLConnectionOperation.m in Sources */ = {isa = PBXBuildFile; fileRef = 4D57231D19377AA5007B1464 /* AFURLConnectionOperation.m */; };
		7F22BEC31958706000FB6562 /* AFHTTPRequestOperationManager.m in Sources */ = {isa = PBXBuildFile; fileRef = 4D57231419377AA5007B1464 /* AFHTTPRequestOperationManager.m */; };
		7F22BEC41958706000FB6562 /* PUDMessageComposeTableData.m in Sources */ = {isa = PBXBuildFile; fileRef = 4DC426A81923AE9D002168F7 /* PUDMessageComposeTableData.m */; };
		7F22BEC51958706000FB6562 /* AFHTTPRequestOperationManager+AuthenticatedFuelRequest.m in Sources */ = {isa = PBXBuildFile; fileRef = 4D667B9F191D9BDD0015BC2E /* AFHTTPRequestOperationManager+AuthenticatedFuelRequest.m */; };
		7F22BEC61958706000FB6562 /* PUDDataPickerView.m in Sources */ = {isa = PBXBuildFile; fileRef = 4DC426AB1923ECF3002168F7 /* PUDDataPickerView.m */; };
		7F22BEC71958706000FB6562 /* PUDDiscountTableData.m in Sources */ = {isa = PBXBuildFile; fileRef = 4DC4D6F1192A4AF700128F29 /* PUDDiscountTableData.m */; };
		7F22BEC81958706000FB6562 /* PUDNavigationController.m in Sources */ = {isa = PBXBuildFile; fileRef = 4DCFB93119227BD300BF96BB /* PUDNavigationController.m */; };
		7F22BEC91958706000FB6562 /* AFURLRequestSerialization.m in Sources */ = {isa = PBXBuildFile; fileRef = 4D57231F19377AA5007B1464 /* AFURLRequestSerialization.m */; };
		7F22BECA1958706000FB6562 /* AFSecurityPolicy.m in Sources */ = {isa = PBXBuildFile; fileRef = 4D57231B19377AA5007B1464 /* AFSecurityPolicy.m */; };
		7F22BECB1958706000FB6562 /* AFHTTPSessionManager.m in Sources */ = {isa = PBXBuildFile; fileRef = 4D57231619377AA5007B1464 /* AFHTTPSessionManager.m */; };
		7F22BECC1958706000FB6562 /* PUDUtility.m in Sources */ = {isa = PBXBuildFile; fileRef = 4DC4D67F1925C16000128F29 /* PUDUtility.m */; };
		7F22BECD1958706000FB6562 /* main.m in Sources */ = {isa = PBXBuildFile; fileRef = 4D2DE000191051BD00B65B6F /* main.m */; };
		7F22BECF1958706000FB6562 /* MobileCoreServices.framework in Frameworks */ = {isa = PBXBuildFile; fileRef = 4D95F14219256984002A5A43 /* MobileCoreServices.framework */; };
		7F22BED01958706000FB6562 /* libsqlite3.dylib in Frameworks */ = {isa = PBXBuildFile; fileRef = 4D2DE0311910525900B65B6F /* libsqlite3.dylib */; };
		7F22BED11958706000FB6562 /* CoreGraphics.framework in Frameworks */ = {isa = PBXBuildFile; fileRef = 4D2DDFF6191051BD00B65B6F /* CoreGraphics.framework */; };
		7F22BED31958706000FB6562 /* UIKit.framework in Frameworks */ = {isa = PBXBuildFile; fileRef = 4D2DDFF8191051BD00B65B6F /* UIKit.framework */; };
		7F22BED41958706000FB6562 /* Foundation.framework in Frameworks */ = {isa = PBXBuildFile; fileRef = 4D2DDFF4191051BD00B65B6F /* Foundation.framework */; };
		7F22BED61958706000FB6562 /* custom.caf in Resources */ = {isa = PBXBuildFile; fileRef = 4DCFB9391922842300BF96BB /* custom.caf */; };
		7F22BED71958706000FB6562 /* Images.xcassets in Resources */ = {isa = PBXBuildFile; fileRef = 4D2DE00F191051BD00B65B6F /* Images.xcassets */; };
		7F22BED81958706000FB6562 /* InfoPlist.strings in Resources */ = {isa = PBXBuildFile; fileRef = 4D2DDFFD191051BD00B65B6F /* InfoPlist.strings */; };
		7F22BED91958706000FB6562 /* fre3of9x.ttf in Resources */ = {isa = PBXBuildFile; fileRef = 4DC4D6F3192A572F00128F29 /* fre3of9x.ttf */; };
		7F22BEDB1958706000FB6562 /* Main.storyboard in Resources */ = {isa = PBXBuildFile; fileRef = 4D2DE006191051BD00B65B6F /* Main.storyboard */; };
/* End PBXBuildFile section */

/* Begin PBXContainerItemProxy section */
		4D2DE01A191051BD00B65B6F /* PBXContainerItemProxy */ = {
			isa = PBXContainerItemProxy;
			containerPortal = 4D2DDFE9191051BD00B65B6F /* Project object */;
			proxyType = 1;
			remoteGlobalIDString = 4D2DDFF0191051BD00B65B6F;
			remoteInfo = PushDemo;
		};
/* End PBXContainerItemProxy section */

/* Begin PBXFileReference section */
		3D91051719A7CE760078A715 /* PUDBeaconsViewController.h */ = {isa = PBXFileReference; fileEncoding = 4; lastKnownFileType = sourcecode.c.h; path = PUDBeaconsViewController.h; sourceTree = "<group>"; };
		3D91051819A7CE760078A715 /* PUDBeaconsViewController.m */ = {isa = PBXFileReference; fileEncoding = 4; lastKnownFileType = sourcecode.c.objc; path = PUDBeaconsViewController.m; sourceTree = "<group>"; };
		3D91051C19A7D4030078A715 /* ETBulkUpdateShim.h */ = {isa = PBXFileReference; fileEncoding = 4; lastKnownFileType = sourcecode.c.h; path = ETBulkUpdateShim.h; sourceTree = "<group>"; };
		3D91051D19A7D4030078A715 /* ETEvent.h */ = {isa = PBXFileReference; fileEncoding = 4; lastKnownFileType = sourcecode.c.h; path = ETEvent.h; sourceTree = "<group>"; };
		3D91051E19A7D4030078A715 /* ETFenceMessage.h */ = {isa = PBXFileReference; fileEncoding = 4; lastKnownFileType = sourcecode.c.h; path = ETFenceMessage.h; sourceTree = "<group>"; };
		3D91051F19A7D4030078A715 /* ETGenericUpdate.h */ = {isa = PBXFileReference; fileEncoding = 4; lastKnownFileType = sourcecode.c.h; path = ETGenericUpdate.h; sourceTree = "<group>"; };
		3D91052019A7D4030078A715 /* ETKeyValueStore.h */ = {isa = PBXFileReference; fileEncoding = 4; lastKnownFileType = sourcecode.c.h; path = ETKeyValueStore.h; sourceTree = "<group>"; };
		3D91052119A7D4030078A715 /* ETLandingPagePresenter.h */ = {isa = PBXFileReference; fileEncoding = 4; lastKnownFileType = sourcecode.c.h; path = ETLandingPagePresenter.h; sourceTree = "<group>"; };
		3D91052219A7D4030078A715 /* ETLocationManager.h */ = {isa = PBXFileReference; fileEncoding = 4; lastKnownFileType = sourcecode.c.h; path = ETLocationManager.h; sourceTree = "<group>"; };
		3D91052319A7D4030078A715 /* ETLocationUpdate.h */ = {isa = PBXFileReference; fileEncoding = 4; lastKnownFileType = sourcecode.c.h; path = ETLocationUpdate.h; sourceTree = "<group>"; };
		3D91052419A7D4030078A715 /* ETMessage.h */ = {isa = PBXFileReference; fileEncoding = 4; lastKnownFileType = sourcecode.c.h; path = ETMessage.h; sourceTree = "<group>"; };
		3D91052519A7D4030078A715 /* ETPhoneHome.h */ = {isa = PBXFileReference; fileEncoding = 4; lastKnownFileType = sourcecode.c.h; path = ETPhoneHome.h; sourceTree = "<group>"; };
		3D91052619A7D4030078A715 /* ETPush.h */ = {isa = PBXFileReference; fileEncoding = 4; lastKnownFileType = sourcecode.c.h; path = ETPush.h; sourceTree = "<group>"; };
		3D91052719A7D4030078A715 /* ETRegion.h */ = {isa = PBXFileReference; fileEncoding = 4; lastKnownFileType = sourcecode.c.h; path = ETRegion.h; sourceTree = "<group>"; };
		3D91052819A7D4030078A715 /* ETRegistration.h */ = {isa = PBXFileReference; fileEncoding = 4; lastKnownFileType = sourcecode.c.h; path = ETRegistration.h; sourceTree = "<group>"; };
		3D91052919A7D4030078A715 /* ETSqliteHelper.h */ = {isa = PBXFileReference; fileEncoding = 4; lastKnownFileType = sourcecode.c.h; path = ETSqliteHelper.h; sourceTree = "<group>"; };
		3D91052A19A7D4030078A715 /* ETStatsUpdate.h */ = {isa = PBXFileReference; fileEncoding = 4; lastKnownFileType = sourcecode.c.h; path = ETStatsUpdate.h; sourceTree = "<group>"; };
		3D91052B19A7D4030078A715 /* ETTestsHelper.h */ = {isa = PBXFileReference; fileEncoding = 4; lastKnownFileType = sourcecode.c.h; path = ETTestsHelper.h; sourceTree = "<group>"; };
		3D91052C19A7D4030078A715 /* ETURLConnection.h */ = {isa = PBXFileReference; fileEncoding = 4; lastKnownFileType = sourcecode.c.h; path = ETURLConnection.h; sourceTree = "<group>"; };
		3D91052D19A7D4030078A715 /* ExactTargetEnhancedPushDataSource.h */ = {isa = PBXFileReference; fileEncoding = 4; lastKnownFileType = sourcecode.c.h; path = ExactTargetEnhancedPushDataSource.h; sourceTree = "<group>"; };
		3D91052E19A7D4030078A715 /* libetpushsdk-3.3.0.a */ = {isa = PBXFileReference; lastKnownFileType = archive.ar; path = "libetpushsdk-3.3.0.a"; sourceTree = "<group>"; };
		3D91052F19A7D4030078A715 /* PushConstants.h */ = {isa = PBXFileReference; fileEncoding = 4; lastKnownFileType = sourcecode.c.h; path = PushConstants.h; sourceTree = "<group>"; };
		4D120ED31957D35700571FB6 /* PublicDemo copy-Info.plist */ = {isa = PBXFileReference; lastKnownFileType = text.plist.xml; name = "PublicDemo copy-Info.plist"; path = "/Users/mlathrop/Repos/PublicDemo-iOS/PublicDemo copy-Info.plist"; sourceTree = "<absolute>"; };
		4D2180D619490A5C004F6095 /* PUDPageContentViewController.h */ = {isa = PBXFileReference; fileEncoding = 4; lastKnownFileType = sourcecode.c.h; path = PUDPageContentViewController.h; sourceTree = "<group>"; };
		4D2180D719490A5C004F6095 /* PUDPageContentViewController.m */ = {isa = PBXFileReference; fileEncoding = 4; lastKnownFileType = sourcecode.c.objc; path = PUDPageContentViewController.m; sourceTree = "<group>"; };
		4D2180D9194A9D37004F6095 /* PUDSendMessageViewController.h */ = {isa = PBXFileReference; fileEncoding = 4; lastKnownFileType = sourcecode.c.h; path = PUDSendMessageViewController.h; sourceTree = "<group>"; };
		4D2180DA194A9D37004F6095 /* PUDSendMessageViewController.m */ = {isa = PBXFileReference; fileEncoding = 4; lastKnownFileType = sourcecode.c.objc; path = PUDSendMessageViewController.m; sourceTree = "<group>"; };
		4D2180E0194B7B87004F6095 /* PUDAbstractPageViewController.h */ = {isa = PBXFileReference; fileEncoding = 4; lastKnownFileType = sourcecode.c.h; path = PUDAbstractPageViewController.h; sourceTree = "<group>"; };
		4D2180E1194B7B87004F6095 /* PUDAbstractPageViewController.m */ = {isa = PBXFileReference; fileEncoding = 4; lastKnownFileType = sourcecode.c.objc; path = PUDAbstractPageViewController.m; sourceTree = "<group>"; };
		4D2DDFF1191051BD00B65B6F /* PublicDemo.app */ = {isa = PBXFileReference; explicitFileType = wrapper.application; includeInIndex = 0; path = PublicDemo.app; sourceTree = BUILT_PRODUCTS_DIR; };
		4D2DDFF4191051BD00B65B6F /* Foundation.framework */ = {isa = PBXFileReference; lastKnownFileType = wrapper.framework; name = Foundation.framework; path = System/Library/Frameworks/Foundation.framework; sourceTree = SDKROOT; };
		4D2DDFF6191051BD00B65B6F /* CoreGraphics.framework */ = {isa = PBXFileReference; lastKnownFileType = wrapper.framework; name = CoreGraphics.framework; path = System/Library/Frameworks/CoreGraphics.framework; sourceTree = SDKROOT; };
		4D2DDFF8191051BD00B65B6F /* UIKit.framework */ = {isa = PBXFileReference; lastKnownFileType = wrapper.framework; name = UIKit.framework; path = System/Library/Frameworks/UIKit.framework; sourceTree = SDKROOT; };
		4D2DDFFC191051BD00B65B6F /* PublicDemo-Info.plist */ = {isa = PBXFileReference; lastKnownFileType = text.plist.xml; path = "PublicDemo-Info.plist"; sourceTree = "<group>"; };
		4D2DDFFE191051BD00B65B6F /* en */ = {isa = PBXFileReference; lastKnownFileType = text.plist.strings; name = en; path = en.lproj/InfoPlist.strings; sourceTree = "<group>"; };
		4D2DE000191051BD00B65B6F /* main.m */ = {isa = PBXFileReference; lastKnownFileType = sourcecode.c.objc; path = main.m; sourceTree = "<group>"; };
		4D2DE002191051BD00B65B6F /* PublicDemo-Prefix.pch */ = {isa = PBXFileReference; lastKnownFileType = sourcecode.c.h; path = "PublicDemo-Prefix.pch"; sourceTree = "<group>"; };
		4D2DE003191051BD00B65B6F /* PUDAppDelegate.h */ = {isa = PBXFileReference; lastKnownFileType = sourcecode.c.h; path = PUDAppDelegate.h; sourceTree = "<group>"; };
		4D2DE004191051BD00B65B6F /* PUDAppDelegate.m */ = {isa = PBXFileReference; lastKnownFileType = sourcecode.c.objc; path = PUDAppDelegate.m; sourceTree = "<group>"; };
		4D2DE007191051BD00B65B6F /* Base */ = {isa = PBXFileReference; lastKnownFileType = file.storyboard; name = Base; path = Base.lproj/Main.storyboard; sourceTree = "<group>"; };
		4D2DE00F191051BD00B65B6F /* Images.xcassets */ = {isa = PBXFileReference; lastKnownFileType = folder.assetcatalog; path = Images.xcassets; sourceTree = "<group>"; };
		4D2DE015191051BD00B65B6F /* PublicDemoTests.xctest */ = {isa = PBXFileReference; explicitFileType = wrapper.cfbundle; includeInIndex = 0; path = PublicDemoTests.xctest; sourceTree = BUILT_PRODUCTS_DIR; };
		4D2DE016191051BD00B65B6F /* XCTest.framework */ = {isa = PBXFileReference; lastKnownFileType = wrapper.framework; name = XCTest.framework; path = Library/Frameworks/XCTest.framework; sourceTree = DEVELOPER_DIR; };
		4D2DE01E191051BD00B65B6F /* PublicDemoTests-Info.plist */ = {isa = PBXFileReference; lastKnownFileType = text.plist.xml; path = "PublicDemoTests-Info.plist"; sourceTree = "<group>"; };
		4D2DE020191051BD00B65B6F /* en */ = {isa = PBXFileReference; lastKnownFileType = text.plist.strings; name = en; path = en.lproj/InfoPlist.strings; sourceTree = "<group>"; };
		4D2DE022191051BD00B65B6F /* PublicDemoTests.m */ = {isa = PBXFileReference; lastKnownFileType = sourcecode.c.objc; path = PublicDemoTests.m; sourceTree = "<group>"; };
		4D2DE0311910525900B65B6F /* libsqlite3.dylib */ = {isa = PBXFileReference; lastKnownFileType = "compiled.mach-o.dylib"; name = libsqlite3.dylib; path = usr/lib/libsqlite3.dylib; sourceTree = SDKROOT; };
		4D2DE04919105BB100B65B6F /* PUDConstants.h */ = {isa = PBXFileReference; fileEncoding = 4; lastKnownFileType = sourcecode.c.h; path = PUDConstants.h; sourceTree = "<group>"; };
		4D2DE04A19105BB100B65B6F /* PUDConstants.m */ = {isa = PBXFileReference; fileEncoding = 4; lastKnownFileType = sourcecode.c.objc; path = PUDConstants.m; sourceTree = "<group>"; };
		4D2DE05319117CBA00B65B6F /* PUDPreferencesTableViewController.h */ = {isa = PBXFileReference; fileEncoding = 4; lastKnownFileType = sourcecode.c.h; path = PUDPreferencesTableViewController.h; sourceTree = "<group>"; };
		4D2DE05419117CBA00B65B6F /* PUDPreferencesTableViewController.m */ = {isa = PBXFileReference; fileEncoding = 4; lastKnownFileType = sourcecode.c.objc; path = PUDPreferencesTableViewController.m; sourceTree = "<group>"; };
		4D57231119377AA5007B1464 /* AFHTTPRequestOperation.h */ = {isa = PBXFileReference; fileEncoding = 4; lastKnownFileType = sourcecode.c.h; path = AFHTTPRequestOperation.h; sourceTree = "<group>"; };
		4D57231219377AA5007B1464 /* AFHTTPRequestOperation.m */ = {isa = PBXFileReference; fileEncoding = 4; lastKnownFileType = sourcecode.c.objc; path = AFHTTPRequestOperation.m; sourceTree = "<group>"; };
		4D57231319377AA5007B1464 /* AFHTTPRequestOperationManager.h */ = {isa = PBXFileReference; fileEncoding = 4; lastKnownFileType = sourcecode.c.h; path = AFHTTPRequestOperationManager.h; sourceTree = "<group>"; };
		4D57231419377AA5007B1464 /* AFHTTPRequestOperationManager.m */ = {isa = PBXFileReference; fileEncoding = 4; lastKnownFileType = sourcecode.c.objc; path = AFHTTPRequestOperationManager.m; sourceTree = "<group>"; };
		4D57231519377AA5007B1464 /* AFHTTPSessionManager.h */ = {isa = PBXFileReference; fileEncoding = 4; lastKnownFileType = sourcecode.c.h; path = AFHTTPSessionManager.h; sourceTree = "<group>"; };
		4D57231619377AA5007B1464 /* AFHTTPSessionManager.m */ = {isa = PBXFileReference; fileEncoding = 4; lastKnownFileType = sourcecode.c.objc; path = AFHTTPSessionManager.m; sourceTree = "<group>"; };
		4D57231719377AA5007B1464 /* AFNetworking.h */ = {isa = PBXFileReference; fileEncoding = 4; lastKnownFileType = sourcecode.c.h; path = AFNetworking.h; sourceTree = "<group>"; };
		4D57231819377AA5007B1464 /* AFNetworkReachabilityManager.h */ = {isa = PBXFileReference; fileEncoding = 4; lastKnownFileType = sourcecode.c.h; path = AFNetworkReachabilityManager.h; sourceTree = "<group>"; };
		4D57231919377AA5007B1464 /* AFNetworkReachabilityManager.m */ = {isa = PBXFileReference; fileEncoding = 4; lastKnownFileType = sourcecode.c.objc; path = AFNetworkReachabilityManager.m; sourceTree = "<group>"; };
		4D57231A19377AA5007B1464 /* AFSecurityPolicy.h */ = {isa = PBXFileReference; fileEncoding = 4; lastKnownFileType = sourcecode.c.h; path = AFSecurityPolicy.h; sourceTree = "<group>"; };
		4D57231B19377AA5007B1464 /* AFSecurityPolicy.m */ = {isa = PBXFileReference; fileEncoding = 4; lastKnownFileType = sourcecode.c.objc; path = AFSecurityPolicy.m; sourceTree = "<group>"; };
		4D57231C19377AA5007B1464 /* AFURLConnectionOperation.h */ = {isa = PBXFileReference; fileEncoding = 4; lastKnownFileType = sourcecode.c.h; path = AFURLConnectionOperation.h; sourceTree = "<group>"; };
		4D57231D19377AA5007B1464 /* AFURLConnectionOperation.m */ = {isa = PBXFileReference; fileEncoding = 4; lastKnownFileType = sourcecode.c.objc; path = AFURLConnectionOperation.m; sourceTree = "<group>"; };
		4D57231E19377AA5007B1464 /* AFURLRequestSerialization.h */ = {isa = PBXFileReference; fileEncoding = 4; lastKnownFileType = sourcecode.c.h; path = AFURLRequestSerialization.h; sourceTree = "<group>"; };
		4D57231F19377AA5007B1464 /* AFURLRequestSerialization.m */ = {isa = PBXFileReference; fileEncoding = 4; lastKnownFileType = sourcecode.c.objc; path = AFURLRequestSerialization.m; sourceTree = "<group>"; };
		4D57232019377AA5007B1464 /* AFURLResponseSerialization.h */ = {isa = PBXFileReference; fileEncoding = 4; lastKnownFileType = sourcecode.c.h; path = AFURLResponseSerialization.h; sourceTree = "<group>"; };
		4D57232119377AA5007B1464 /* AFURLResponseSerialization.m */ = {isa = PBXFileReference; fileEncoding = 4; lastKnownFileType = sourcecode.c.objc; path = AFURLResponseSerialization.m; sourceTree = "<group>"; };
		4D57232219377AA5007B1464 /* AFURLSessionManager.h */ = {isa = PBXFileReference; fileEncoding = 4; lastKnownFileType = sourcecode.c.h; path = AFURLSessionManager.h; sourceTree = "<group>"; };
		4D57232319377AA5007B1464 /* AFURLSessionManager.m */ = {isa = PBXFileReference; fileEncoding = 4; lastKnownFileType = sourcecode.c.objc; path = AFURLSessionManager.m; sourceTree = "<group>"; };
		4D57232519377AA5007B1464 /* UIColor+ExactTargetColors.h */ = {isa = PBXFileReference; fileEncoding = 4; lastKnownFileType = sourcecode.c.h; path = "UIColor+ExactTargetColors.h"; sourceTree = "<group>"; };
		4D57232619377AA5007B1464 /* UIColor+ExactTargetColors.m */ = {isa = PBXFileReference; fileEncoding = 4; lastKnownFileType = sourcecode.c.objc; path = "UIColor+ExactTargetColors.m"; sourceTree = "<group>"; };
		4D57232A19377AA5007B1464 /* JDStatusBarNotification.h */ = {isa = PBXFileReference; fileEncoding = 4; lastKnownFileType = sourcecode.c.h; path = JDStatusBarNotification.h; sourceTree = "<group>"; };
		4D57232B19377AA5007B1464 /* JDStatusBarNotification.m */ = {isa = PBXFileReference; fileEncoding = 4; lastKnownFileType = sourcecode.c.objc; path = JDStatusBarNotification.m; sourceTree = "<group>"; };
		4D57232C19377AA5007B1464 /* JDStatusBarStyle.h */ = {isa = PBXFileReference; fileEncoding = 4; lastKnownFileType = sourcecode.c.h; path = JDStatusBarStyle.h; sourceTree = "<group>"; };
		4D57232D19377AA5007B1464 /* JDStatusBarStyle.m */ = {isa = PBXFileReference; fileEncoding = 4; lastKnownFileType = sourcecode.c.objc; path = JDStatusBarStyle.m; sourceTree = "<group>"; };
		4D57232E19377AA5007B1464 /* JDStatusBarView.h */ = {isa = PBXFileReference; fileEncoding = 4; lastKnownFileType = sourcecode.c.h; path = JDStatusBarView.h; sourceTree = "<group>"; };
		4D57232F19377AA5007B1464 /* JDStatusBarView.m */ = {isa = PBXFileReference; fileEncoding = 4; lastKnownFileType = sourcecode.c.objc; path = JDStatusBarView.m; sourceTree = "<group>"; };
		4D57233119377AA5007B1464 /* PBWebViewController.h */ = {isa = PBXFileReference; fileEncoding = 4; lastKnownFileType = sourcecode.c.h; path = PBWebViewController.h; sourceTree = "<group>"; };
		4D57233219377AA5007B1464 /* PBWebViewController.m */ = {isa = PBXFileReference; fileEncoding = 4; lastKnownFileType = sourcecode.c.objc; path = PBWebViewController.m; sourceTree = "<group>"; };
		4D57233319377AA5007B1464 /* README.md */ = {isa = PBXFileReference; fileEncoding = 4; lastKnownFileType = text; name = README.md; path = Libraries/README.md; sourceTree = "<group>"; };
		4D5723571937E19F007B1464 /* PUDHomeViewController.h */ = {isa = PBXFileReference; fileEncoding = 4; lastKnownFileType = sourcecode.c.h; path = PUDHomeViewController.h; sourceTree = "<group>"; };
		4D5723581937E19F007B1464 /* PUDHomeViewController.m */ = {isa = PBXFileReference; fileEncoding = 4; lastKnownFileType = sourcecode.c.objc; path = PUDHomeViewController.m; sourceTree = "<group>"; };
		4D651C52191D54AB000BAF5E /* PUDMessagePayload.h */ = {isa = PBXFileReference; fileEncoding = 4; lastKnownFileType = sourcecode.c.h; path = PUDMessagePayload.h; sourceTree = "<group>"; };
		4D651C53191D54AB000BAF5E /* PUDMessagePayload.m */ = {isa = PBXFileReference; fileEncoding = 4; lastKnownFileType = sourcecode.c.objc; path = PUDMessagePayload.m; sourceTree = "<group>"; };
		4D667B9E191D9BDD0015BC2E /* AFHTTPRequestOperationManager+AuthenticatedFuelRequest.h */ = {isa = PBXFileReference; fileEncoding = 4; lastKnownFileType = sourcecode.c.h; path = "AFHTTPRequestOperationManager+AuthenticatedFuelRequest.h"; sourceTree = "<group>"; };
		4D667B9F191D9BDD0015BC2E /* AFHTTPRequestOperationManager+AuthenticatedFuelRequest.m */ = {isa = PBXFileReference; fileEncoding = 4; lastKnownFileType = sourcecode.c.objc; path = "AFHTTPRequestOperationManager+AuthenticatedFuelRequest.m"; sourceTree = "<group>"; };
		4D667BAB192005370015BC2E /* PUDPreferencesTableViewCell.h */ = {isa = PBXFileReference; fileEncoding = 4; lastKnownFileType = sourcecode.c.h; path = PUDPreferencesTableViewCell.h; sourceTree = "<group>"; };
		4D667BAC192005370015BC2E /* PUDPreferencesTableViewCell.m */ = {isa = PBXFileReference; fileEncoding = 4; lastKnownFileType = sourcecode.c.objc; path = PUDPreferencesTableViewCell.m; sourceTree = "<group>"; };
		4D667BAE19200DB90015BC2E /* PUDPreferencesTableData.h */ = {isa = PBXFileReference; fileEncoding = 4; lastKnownFileType = sourcecode.c.h; path = PUDPreferencesTableData.h; sourceTree = "<group>"; };
		4D667BAF19200DB90015BC2E /* PUDPreferencesTableData.m */ = {isa = PBXFileReference; fileEncoding = 4; lastKnownFileType = sourcecode.c.objc; path = PUDPreferencesTableData.m; sourceTree = "<group>"; };
		4D71546019183EE60040A1CC /* PUDMessageComposeTableViewController.h */ = {isa = PBXFileReference; fileEncoding = 4; lastKnownFileType = sourcecode.c.h; path = PUDMessageComposeTableViewController.h; sourceTree = "<group>"; };
		4D71546119183EE60040A1CC /* PUDMessageComposeTableViewController.m */ = {isa = PBXFileReference; fileEncoding = 4; lastKnownFileType = sourcecode.c.objc; path = PUDMessageComposeTableViewController.m; sourceTree = "<group>"; };
		4D71546519183F510040A1CC /* PUDFuelServiceProtocol.h */ = {isa = PBXFileReference; lastKnownFileType = sourcecode.c.h; path = PUDFuelServiceProtocol.h; sourceTree = "<group>"; };
		4D71546619183F660040A1CC /* PUDFuelService.h */ = {isa = PBXFileReference; fileEncoding = 4; lastKnownFileType = sourcecode.c.h; path = PUDFuelService.h; sourceTree = "<group>"; };
		4D71546719183F660040A1CC /* PUDFuelService.m */ = {isa = PBXFileReference; fileEncoding = 4; lastKnownFileType = sourcecode.c.objc; path = PUDFuelService.m; sourceTree = "<group>"; };
		4D71546919183F820040A1CC /* PUDServiceProvider.h */ = {isa = PBXFileReference; fileEncoding = 4; lastKnownFileType = sourcecode.c.h; path = PUDServiceProvider.h; sourceTree = "<group>"; };
		4D71546A19183F820040A1CC /* PUDServiceProvider.m */ = {isa = PBXFileReference; fileEncoding = 4; lastKnownFileType = sourcecode.c.objc; path = PUDServiceProvider.m; sourceTree = "<group>"; };
		4D71546C191923460040A1CC /* PUDMessageModelProtocol.h */ = {isa = PBXFileReference; lastKnownFileType = sourcecode.c.h; path = PUDMessageModelProtocol.h; sourceTree = "<group>"; };
		4D71546E191923AA0040A1CC /* PUDDefaultMessageModel.h */ = {isa = PBXFileReference; fileEncoding = 4; lastKnownFileType = sourcecode.c.h; path = PUDDefaultMessageModel.h; sourceTree = "<group>"; };
		4D71546F191923AA0040A1CC /* PUDDefaultMessageModel.m */ = {isa = PBXFileReference; fileEncoding = 4; lastKnownFileType = sourcecode.c.objc; path = PUDDefaultMessageModel.m; sourceTree = "<group>"; };
		4D95F14219256984002A5A43 /* MobileCoreServices.framework */ = {isa = PBXFileReference; lastKnownFileType = wrapper.framework; name = MobileCoreServices.framework; path = System/Library/Frameworks/MobileCoreServices.framework; sourceTree = SDKROOT; };
		4DA92C9B196D7F740005BC8E /* QuartzCore.framework */ = {isa = PBXFileReference; lastKnownFileType = wrapper.framework; name = QuartzCore.framework; path = System/Library/Frameworks/QuartzCore.framework; sourceTree = SDKROOT; };
		4DC426A71923AE9D002168F7 /* PUDMessageComposeTableData.h */ = {isa = PBXFileReference; fileEncoding = 4; lastKnownFileType = sourcecode.c.h; path = PUDMessageComposeTableData.h; sourceTree = "<group>"; };
		4DC426A81923AE9D002168F7 /* PUDMessageComposeTableData.m */ = {isa = PBXFileReference; fileEncoding = 4; lastKnownFileType = sourcecode.c.objc; path = PUDMessageComposeTableData.m; sourceTree = "<group>"; };
		4DC426AA1923ECF3002168F7 /* PUDDataPickerView.h */ = {isa = PBXFileReference; fileEncoding = 4; lastKnownFileType = sourcecode.c.h; path = PUDDataPickerView.h; sourceTree = "<group>"; };
		4DC426AB1923ECF3002168F7 /* PUDDataPickerView.m */ = {isa = PBXFileReference; fileEncoding = 4; lastKnownFileType = sourcecode.c.objc; path = PUDDataPickerView.m; sourceTree = "<group>"; };
		4DC4D67B1925B5BA00128F29 /* PUDInfoViewController.h */ = {isa = PBXFileReference; fileEncoding = 4; lastKnownFileType = sourcecode.c.h; path = PUDInfoViewController.h; sourceTree = "<group>"; };
		4DC4D67C1925B5BA00128F29 /* PUDInfoViewController.m */ = {isa = PBXFileReference; fileEncoding = 4; lastKnownFileType = sourcecode.c.objc; path = PUDInfoViewController.m; sourceTree = "<group>"; };
		4DC4D67E1925C16000128F29 /* PUDUtility.h */ = {isa = PBXFileReference; fileEncoding = 4; lastKnownFileType = sourcecode.c.h; path = PUDUtility.h; sourceTree = "<group>"; };
		4DC4D67F1925C16000128F29 /* PUDUtility.m */ = {isa = PBXFileReference; fileEncoding = 4; lastKnownFileType = sourcecode.c.objc; lineEnding = 0; path = PUDUtility.m; sourceTree = "<group>"; xcLanguageSpecificationIdentifier = xcode.lang.objc; };
		4DC4D6ED192A497900128F29 /* PUDDiscountTableViewController.h */ = {isa = PBXFileReference; fileEncoding = 4; lastKnownFileType = sourcecode.c.h; path = PUDDiscountTableViewController.h; sourceTree = "<group>"; };
		4DC4D6EE192A497900128F29 /* PUDDiscountTableViewController.m */ = {isa = PBXFileReference; fileEncoding = 4; lastKnownFileType = sourcecode.c.objc; path = PUDDiscountTableViewController.m; sourceTree = "<group>"; };
		4DC4D6F0192A4AF700128F29 /* PUDDiscountTableData.h */ = {isa = PBXFileReference; fileEncoding = 4; lastKnownFileType = sourcecode.c.h; path = PUDDiscountTableData.h; sourceTree = "<group>"; };
		4DC4D6F1192A4AF700128F29 /* PUDDiscountTableData.m */ = {isa = PBXFileReference; fileEncoding = 4; lastKnownFileType = sourcecode.c.objc; path = PUDDiscountTableData.m; sourceTree = "<group>"; };
		4DC4D6F3192A572F00128F29 /* fre3of9x.ttf */ = {isa = PBXFileReference; lastKnownFileType = file; path = fre3of9x.ttf; sourceTree = "<group>"; };
		4DCFB92D192127CB00BF96BB /* PUDMessageReceivedTableViewController.h */ = {isa = PBXFileReference; fileEncoding = 4; lastKnownFileType = sourcecode.c.h; path = PUDMessageReceivedTableViewController.h; sourceTree = "<group>"; };
		4DCFB92E192127CB00BF96BB /* PUDMessageReceivedTableViewController.m */ = {isa = PBXFileReference; fileEncoding = 4; lastKnownFileType = sourcecode.c.objc; path = PUDMessageReceivedTableViewController.m; sourceTree = "<group>"; };
		4DCFB93019227BD300BF96BB /* PUDNavigationController.h */ = {isa = PBXFileReference; fileEncoding = 4; lastKnownFileType = sourcecode.c.h; path = PUDNavigationController.h; sourceTree = "<group>"; };
		4DCFB93119227BD300BF96BB /* PUDNavigationController.m */ = {isa = PBXFileReference; fileEncoding = 4; lastKnownFileType = sourcecode.c.objc; path = PUDNavigationController.m; sourceTree = "<group>"; };
		4DCFB93319227E4700BF96BB /* PUDTabBarController.h */ = {isa = PBXFileReference; fileEncoding = 4; lastKnownFileType = sourcecode.c.h; path = PUDTabBarController.h; sourceTree = "<group>"; };
		4DCFB93419227E4700BF96BB /* PUDTabBarController.m */ = {isa = PBXFileReference; fileEncoding = 4; lastKnownFileType = sourcecode.c.objc; path = PUDTabBarController.m; sourceTree = "<group>"; };
		4DCFB9391922842300BF96BB /* custom.caf */ = {isa = PBXFileReference; lastKnownFileType = file; path = custom.caf; sourceTree = "<group>"; };
		4DD373E819632DCF0005E6FF /* PUDCloudPageInboxViewController.h */ = {isa = PBXFileReference; fileEncoding = 4; lastKnownFileType = sourcecode.c.h; path = PUDCloudPageInboxViewController.h; sourceTree = "<group>"; };
		4DD373E919632DCF0005E6FF /* PUDCloudPageInboxViewController.m */ = {isa = PBXFileReference; fileEncoding = 4; lastKnownFileType = sourcecode.c.objc; path = PUDCloudPageInboxViewController.m; sourceTree = "<group>"; };
		4DEB0ADD195DC22900790CEF /* PUDAppSettingConstants.h */ = {isa = PBXFileReference; fileEncoding = 4; lastKnownFileType = sourcecode.c.h; lineEnding = 0; path = PUDAppSettingConstants.h; sourceTree = "<group>"; xcLanguageSpecificationIdentifier = xcode.lang.objcpp; };
		4DEB0ADE195DC22900790CEF /* PUDAppSettingConstants.m */ = {isa = PBXFileReference; fileEncoding = 4; lastKnownFileType = sourcecode.c.objc; lineEnding = 0; path = PUDAppSettingConstants.m; sourceTree = "<group>"; xcLanguageSpecificationIdentifier = xcode.lang.objc; };
		4DEB0B1C195DE31600790CEF /* PublicDemo-QA.app */ = {isa = PBXFileReference; explicitFileType = wrapper.application; includeInIndex = 0; path = "PublicDemo-QA.app"; sourceTree = BUILT_PRODUCTS_DIR; };
		4DEB0B1D195DE31700790CEF /* PublicDemo copy2-Info.plist */ = {isa = PBXFileReference; lastKnownFileType = text.plist.xml; name = "PublicDemo copy2-Info.plist"; path = "/Users/mlathrop/Repos/PublicDemo-iOS/PublicDemo copy2-Info.plist"; sourceTree = "<absolute>"; };
		4DEC6D12196CDD4F00322A99 /* PUDCloudPageInboxDataSource.h */ = {isa = PBXFileReference; fileEncoding = 4; lastKnownFileType = sourcecode.c.h; path = PUDCloudPageInboxDataSource.h; sourceTree = "<group>"; };
		4DEC6D13196CDD4F00322A99 /* PUDCloudPageInboxDataSource.m */ = {isa = PBXFileReference; fileEncoding = 4; lastKnownFileType = sourcecode.c.objc; path = PUDCloudPageInboxDataSource.m; sourceTree = "<group>"; };
		4DEC6D17196CE4A500322A99 /* PUDCloudPageInboxTableViewCell.h */ = {isa = PBXFileReference; fileEncoding = 4; lastKnownFileType = sourcecode.c.h; path = PUDCloudPageInboxTableViewCell.h; sourceTree = "<group>"; };
		4DEC6D18196CE4A500322A99 /* PUDCloudPageInboxTableViewCell.m */ = {isa = PBXFileReference; fileEncoding = 4; lastKnownFileType = sourcecode.c.objc; path = PUDCloudPageInboxTableViewCell.m; sourceTree = "<group>"; };
		7F22BEE01958706000FB6562 /* PublicDemo-Internal.app */ = {isa = PBXFileReference; explicitFileType = wrapper.application; includeInIndex = 0; path = "PublicDemo-Internal.app"; sourceTree = BUILT_PRODUCTS_DIR; };
/* End PBXFileReference section */

/* Begin PBXFrameworksBuildPhase section */
		4D2DDFEE191051BD00B65B6F /* Frameworks */ = {
			isa = PBXFrameworksBuildPhase;
			buildActionMask = 2147483647;
			files = (
				4DA92C9C196D7F740005BC8E /* QuartzCore.framework in Frameworks */,
				4D95F14319256984002A5A43 /* MobileCoreServices.framework in Frameworks */,
				4D2DE0321910525900B65B6F /* libsqlite3.dylib in Frameworks */,
				4D2DDFF7191051BD00B65B6F /* CoreGraphics.framework in Frameworks */,
				4D2DDFF9191051BD00B65B6F /* UIKit.framework in Frameworks */,
				4D2DDFF5191051BD00B65B6F /* Foundation.framework in Frameworks */,
				3D91053019A7D4030078A715 /* libetpushsdk-3.3.0.a in Frameworks */,
			);
			runOnlyForDeploymentPostprocessing = 0;
		};
		4D2DE012191051BD00B65B6F /* Frameworks */ = {
			isa = PBXFrameworksBuildPhase;
			buildActionMask = 2147483647;
			files = (
				4D2DE017191051BD00B65B6F /* XCTest.framework in Frameworks */,
				4D2DE019191051BD00B65B6F /* UIKit.framework in Frameworks */,
				4D2DE018191051BD00B65B6F /* Foundation.framework in Frameworks */,
			);
			runOnlyForDeploymentPostprocessing = 0;
		};
		4DEB0B0C195DE31600790CEF /* Frameworks */ = {
			isa = PBXFrameworksBuildPhase;
			buildActionMask = 2147483647;
			files = (
				4DA92C9E196D7F800005BC8E /* QuartzCore.framework in Frameworks */,
				4DEB0B0D195DE31600790CEF /* MobileCoreServices.framework in Frameworks */,
				4DEB0B0E195DE31600790CEF /* libsqlite3.dylib in Frameworks */,
				4DEB0B0F195DE31600790CEF /* CoreGraphics.framework in Frameworks */,
				4DEB0B11195DE31600790CEF /* UIKit.framework in Frameworks */,
				4DEB0B12195DE31600790CEF /* Foundation.framework in Frameworks */,
				3D91053219A7D4030078A715 /* libetpushsdk-3.3.0.a in Frameworks */,
			);
			runOnlyForDeploymentPostprocessing = 0;
		};
		7F22BECE1958706000FB6562 /* Frameworks */ = {
			isa = PBXFrameworksBuildPhase;
			buildActionMask = 2147483647;
			files = (
				4DA92C9D196D7F7A0005BC8E /* QuartzCore.framework in Frameworks */,
				7F22BECF1958706000FB6562 /* MobileCoreServices.framework in Frameworks */,
				7F22BED01958706000FB6562 /* libsqlite3.dylib in Frameworks */,
				7F22BED11958706000FB6562 /* CoreGraphics.framework in Frameworks */,
				7F22BED31958706000FB6562 /* UIKit.framework in Frameworks */,
				7F22BED41958706000FB6562 /* Foundation.framework in Frameworks */,
				3D91053119A7D4030078A715 /* libetpushsdk-3.3.0.a in Frameworks */,
			);
			runOnlyForDeploymentPostprocessing = 0;
		};
/* End PBXFrameworksBuildPhase section */

/* Begin PBXGroup section */
		4D2DDFE8191051BD00B65B6F = {
			isa = PBXGroup;
			children = (
				4D2DDFFA191051BD00B65B6F /* PublicDemo */,
				4D2DE01C191051BD00B65B6F /* PublicDemoTests */,
				4D2DDFF3191051BD00B65B6F /* Frameworks */,
				4D2DDFF2191051BD00B65B6F /* Products */,
			);
			sourceTree = "<group>";
		};
		4D2DDFF2191051BD00B65B6F /* Products */ = {
			isa = PBXGroup;
			children = (
				4D2DDFF1191051BD00B65B6F /* PublicDemo.app */,
				4D2DE015191051BD00B65B6F /* PublicDemoTests.xctest */,
				7F22BEE01958706000FB6562 /* PublicDemo-Internal.app */,
				4DEB0B1C195DE31600790CEF /* PublicDemo-QA.app */,
			);
			name = Products;
			sourceTree = "<group>";
		};
		4D2DDFF3191051BD00B65B6F /* Frameworks */ = {
			isa = PBXGroup;
			children = (
				4DA92C9B196D7F740005BC8E /* QuartzCore.framework */,
				4D95F14219256984002A5A43 /* MobileCoreServices.framework */,
				4D2DE0311910525900B65B6F /* libsqlite3.dylib */,
				4D2DDFF4191051BD00B65B6F /* Foundation.framework */,
				4D2DDFF6191051BD00B65B6F /* CoreGraphics.framework */,
				4D2DDFF8191051BD00B65B6F /* UIKit.framework */,
				4D2DE016191051BD00B65B6F /* XCTest.framework */,
			);
			name = Frameworks;
			sourceTree = "<group>";
		};
		4D2DDFFA191051BD00B65B6F /* PublicDemo */ = {
			isa = PBXGroup;
			children = (
				4D2DE003191051BD00B65B6F /* PUDAppDelegate.h */,
				4D2DE004191051BD00B65B6F /* PUDAppDelegate.m */,
				4D667B9A191D9AA20015BC2E /* Categories */,
				4D2DE02C191051D400B65B6F /* Controllers */,
				4D2DE02D191051DC00B65B6F /* Libraries */,
				4D2DE02E191051E200B65B6F /* Models */,
				4D2DE04819105B9C00B65B6F /* Other */,
				4D71546419183F270040A1CC /* Protocols */,
				4D71546319183F0D0040A1CC /* Services */,
				4D2DE030191051F400B65B6F /* Views */,
				4D2DE00F191051BD00B65B6F /* Images.xcassets */,
				4D2DDFFB191051BD00B65B6F /* Supporting Files */,
			);
			path = PublicDemo;
			sourceTree = "<group>";
		};
		4D2DDFFB191051BD00B65B6F /* Supporting Files */ = {
			isa = PBXGroup;
			children = (
				4DCFB9391922842300BF96BB /* custom.caf */,
				4DC4D6F3192A572F00128F29 /* fre3of9x.ttf */,
				4D2DDFFD191051BD00B65B6F /* InfoPlist.strings */,
				4D2DE000191051BD00B65B6F /* main.m */,
				4D2DDFFC191051BD00B65B6F /* PublicDemo-Info.plist */,
				4D120ED31957D35700571FB6 /* PublicDemo copy-Info.plist */,
				4DEB0B1D195DE31700790CEF /* PublicDemo copy2-Info.plist */,
				4D2DE002191051BD00B65B6F /* PublicDemo-Prefix.pch */,
			);
			name = "Supporting Files";
			sourceTree = "<group>";
		};
		4D2DE01C191051BD00B65B6F /* PublicDemoTests */ = {
			isa = PBXGroup;
			children = (
				4D2DE022191051BD00B65B6F /* PublicDemoTests.m */,
				4D2DE01D191051BD00B65B6F /* Supporting Files */,
			);
			path = PublicDemoTests;
			sourceTree = "<group>";
		};
		4D2DE01D191051BD00B65B6F /* Supporting Files */ = {
			isa = PBXGroup;
			children = (
				4D2DE01E191051BD00B65B6F /* PublicDemoTests-Info.plist */,
				4D2DE01F191051BD00B65B6F /* InfoPlist.strings */,
			);
			name = "Supporting Files";
			sourceTree = "<group>";
		};
		4D2DE02C191051D400B65B6F /* Controllers */ = {
			isa = PBXGroup;
			children = (
				4D2180E0194B7B87004F6095 /* PUDAbstractPageViewController.h */,
				4D2180E1194B7B87004F6095 /* PUDAbstractPageViewController.m */,
				4DD373E819632DCF0005E6FF /* PUDCloudPageInboxViewController.h */,
				4DD373E919632DCF0005E6FF /* PUDCloudPageInboxViewController.m */,
				4DC4D6ED192A497900128F29 /* PUDDiscountTableViewController.h */,
				4DC4D6EE192A497900128F29 /* PUDDiscountTableViewController.m */,
				4D5723571937E19F007B1464 /* PUDHomeViewController.h */,
				4D5723581937E19F007B1464 /* PUDHomeViewController.m */,
				3D91051719A7CE760078A715 /* PUDBeaconsViewController.h */,
				3D91051819A7CE760078A715 /* PUDBeaconsViewController.m */,
				4DC4D67B1925B5BA00128F29 /* PUDInfoViewController.h */,
				4DC4D67C1925B5BA00128F29 /* PUDInfoViewController.m */,
				4D71546019183EE60040A1CC /* PUDMessageComposeTableViewController.h */,
				4D71546119183EE60040A1CC /* PUDMessageComposeTableViewController.m */,
				4DCFB92D192127CB00BF96BB /* PUDMessageReceivedTableViewController.h */,
				4DCFB92E192127CB00BF96BB /* PUDMessageReceivedTableViewController.m */,
				4DCFB93019227BD300BF96BB /* PUDNavigationController.h */,
				4DCFB93119227BD300BF96BB /* PUDNavigationController.m */,
				4D2180D619490A5C004F6095 /* PUDPageContentViewController.h */,
				4D2180D719490A5C004F6095 /* PUDPageContentViewController.m */,
				4D2DE05319117CBA00B65B6F /* PUDPreferencesTableViewController.h */,
				4D2DE05419117CBA00B65B6F /* PUDPreferencesTableViewController.m */,
				4D2180D9194A9D37004F6095 /* PUDSendMessageViewController.h */,
				4D2180DA194A9D37004F6095 /* PUDSendMessageViewController.m */,
				4DCFB93319227E4700BF96BB /* PUDTabBarController.h */,
				4DCFB93419227E4700BF96BB /* PUDTabBarController.m */,
			);
			name = Controllers;
			sourceTree = "<group>";
		};
		4D2DE02D191051DC00B65B6F /* Libraries */ = {
			isa = PBXGroup;
			children = (
				4D57231019377AA5007B1464 /* AFNetworking */,
				4D57232419377AA5007B1464 /* ETColors */,
				4D57232719377AA5007B1464 /* etpushsdk */,
				4D57232919377AA5007B1464 /* JDStatusBarNotification */,
				4D57233019377AA5007B1464 /* PBWebViewController */,
				4D57233319377AA5007B1464 /* README.md */,
			);
			name = Libraries;
			sourceTree = "<group>";
		};
		4D2DE02E191051E200B65B6F /* Models */ = {
			isa = PBXGroup;
			children = (
				4DEC6D12196CDD4F00322A99 /* PUDCloudPageInboxDataSource.h */,
				4DEC6D13196CDD4F00322A99 /* PUDCloudPageInboxDataSource.m */,
				4D71546E191923AA0040A1CC /* PUDDefaultMessageModel.h */,
				4D71546F191923AA0040A1CC /* PUDDefaultMessageModel.m */,
				4DC4D6F0192A4AF700128F29 /* PUDDiscountTableData.h */,
				4DC4D6F1192A4AF700128F29 /* PUDDiscountTableData.m */,
				4DC426A71923AE9D002168F7 /* PUDMessageComposeTableData.h */,
				4DC426A81923AE9D002168F7 /* PUDMessageComposeTableData.m */,
				4D651C52191D54AB000BAF5E /* PUDMessagePayload.h */,
				4D651C53191D54AB000BAF5E /* PUDMessagePayload.m */,
				4D667BAE19200DB90015BC2E /* PUDPreferencesTableData.h */,
				4D667BAF19200DB90015BC2E /* PUDPreferencesTableData.m */,
			);
			name = Models;
			sourceTree = "<group>";
		};
		4D2DE030191051F400B65B6F /* Views */ = {
			isa = PBXGroup;
			children = (
				4D2DE006191051BD00B65B6F /* Main.storyboard */,
				4DEC6D17196CE4A500322A99 /* PUDCloudPageInboxTableViewCell.h */,
				4DEC6D18196CE4A500322A99 /* PUDCloudPageInboxTableViewCell.m */,
				4DC426AA1923ECF3002168F7 /* PUDDataPickerView.h */,
				4DC426AB1923ECF3002168F7 /* PUDDataPickerView.m */,
				4D667BAB192005370015BC2E /* PUDPreferencesTableViewCell.h */,
				4D667BAC192005370015BC2E /* PUDPreferencesTableViewCell.m */,
			);
			name = Views;
			sourceTree = "<group>";
		};
		4D2DE04819105B9C00B65B6F /* Other */ = {
			isa = PBXGroup;
			children = (
				4DEB0ADD195DC22900790CEF /* PUDAppSettingConstants.h */,
				4DEB0ADE195DC22900790CEF /* PUDAppSettingConstants.m */,
				4D2DE04919105BB100B65B6F /* PUDConstants.h */,
				4D2DE04A19105BB100B65B6F /* PUDConstants.m */,
				4DC4D67E1925C16000128F29 /* PUDUtility.h */,
				4DC4D67F1925C16000128F29 /* PUDUtility.m */,
			);
			name = Other;
			sourceTree = "<group>";
		};
		4D57231019377AA5007B1464 /* AFNetworking */ = {
			isa = PBXGroup;
			children = (
				4D57231119377AA5007B1464 /* AFHTTPRequestOperation.h */,
				4D57231219377AA5007B1464 /* AFHTTPRequestOperation.m */,
				4D57231319377AA5007B1464 /* AFHTTPRequestOperationManager.h */,
				4D57231419377AA5007B1464 /* AFHTTPRequestOperationManager.m */,
				4D57231519377AA5007B1464 /* AFHTTPSessionManager.h */,
				4D57231619377AA5007B1464 /* AFHTTPSessionManager.m */,
				4D57231719377AA5007B1464 /* AFNetworking.h */,
				4D57231819377AA5007B1464 /* AFNetworkReachabilityManager.h */,
				4D57231919377AA5007B1464 /* AFNetworkReachabilityManager.m */,
				4D57231A19377AA5007B1464 /* AFSecurityPolicy.h */,
				4D57231B19377AA5007B1464 /* AFSecurityPolicy.m */,
				4D57231C19377AA5007B1464 /* AFURLConnectionOperation.h */,
				4D57231D19377AA5007B1464 /* AFURLConnectionOperation.m */,
				4D57231E19377AA5007B1464 /* AFURLRequestSerialization.h */,
				4D57231F19377AA5007B1464 /* AFURLRequestSerialization.m */,
				4D57232019377AA5007B1464 /* AFURLResponseSerialization.h */,
				4D57232119377AA5007B1464 /* AFURLResponseSerialization.m */,
				4D57232219377AA5007B1464 /* AFURLSessionManager.h */,
				4D57232319377AA5007B1464 /* AFURLSessionManager.m */,
			);
			name = AFNetworking;
			path = Libraries/AFNetworking;
			sourceTree = "<group>";
		};
		4D57232419377AA5007B1464 /* ETColors */ = {
			isa = PBXGroup;
			children = (
				4D57232519377AA5007B1464 /* UIColor+ExactTargetColors.h */,
				4D57232619377AA5007B1464 /* UIColor+ExactTargetColors.m */,
			);
			name = ETColors;
			path = Libraries/ETColors;
			sourceTree = "<group>";
		};
		4D57232719377AA5007B1464 /* etpushsdk */ = {
			isa = PBXGroup;
			children = (
				3D91051C19A7D4030078A715 /* ETBulkUpdateShim.h */,
				3D91051D19A7D4030078A715 /* ETEvent.h */,
				3D91051E19A7D4030078A715 /* ETFenceMessage.h */,
				3D91051F19A7D4030078A715 /* ETGenericUpdate.h */,
				3D91052019A7D4030078A715 /* ETKeyValueStore.h */,
				3D91052119A7D4030078A715 /* ETLandingPagePresenter.h */,
				3D91052219A7D4030078A715 /* ETLocationManager.h */,
				3D91052319A7D4030078A715 /* ETLocationUpdate.h */,
				3D91052419A7D4030078A715 /* ETMessage.h */,
				3D91052519A7D4030078A715 /* ETPhoneHome.h */,
				3D91052619A7D4030078A715 /* ETPush.h */,
				3D91052719A7D4030078A715 /* ETRegion.h */,
				3D91052819A7D4030078A715 /* ETRegistration.h */,
				3D91052919A7D4030078A715 /* ETSqliteHelper.h */,
				3D91052A19A7D4030078A715 /* ETStatsUpdate.h */,
				3D91052B19A7D4030078A715 /* ETTestsHelper.h */,
				3D91052C19A7D4030078A715 /* ETURLConnection.h */,
				3D91052D19A7D4030078A715 /* ExactTargetEnhancedPushDataSource.h */,
				3D91052E19A7D4030078A715 /* libetpushsdk-3.3.0.a */,
				3D91052F19A7D4030078A715 /* PushConstants.h */,
			);
			name = etpushsdk;
			path = Libraries/etpushsdk;
			sourceTree = "<group>";
		};
		4D57232919377AA5007B1464 /* JDStatusBarNotification */ = {
			isa = PBXGroup;
			children = (
				4D57232A19377AA5007B1464 /* JDStatusBarNotification.h */,
				4D57232B19377AA5007B1464 /* JDStatusBarNotification.m */,
				4D57232C19377AA5007B1464 /* JDStatusBarStyle.h */,
				4D57232D19377AA5007B1464 /* JDStatusBarStyle.m */,
				4D57232E19377AA5007B1464 /* JDStatusBarView.h */,
				4D57232F19377AA5007B1464 /* JDStatusBarView.m */,
			);
			name = JDStatusBarNotification;
			path = Libraries/JDStatusBarNotification;
			sourceTree = "<group>";
		};
		4D57233019377AA5007B1464 /* PBWebViewController */ = {
			isa = PBXGroup;
			children = (
				4D57233119377AA5007B1464 /* PBWebViewController.h */,
				4D57233219377AA5007B1464 /* PBWebViewController.m */,
			);
			name = PBWebViewController;
			path = Libraries/PBWebViewController;
			sourceTree = "<group>";
		};
		4D667B9A191D9AA20015BC2E /* Categories */ = {
			isa = PBXGroup;
			children = (
				4D667B9E191D9BDD0015BC2E /* AFHTTPRequestOperationManager+AuthenticatedFuelRequest.h */,
				4D667B9F191D9BDD0015BC2E /* AFHTTPRequestOperationManager+AuthenticatedFuelRequest.m */,
			);
			name = Categories;
			sourceTree = "<group>";
		};
		4D71546319183F0D0040A1CC /* Services */ = {
			isa = PBXGroup;
			children = (
				4D71546619183F660040A1CC /* PUDFuelService.h */,
				4D71546719183F660040A1CC /* PUDFuelService.m */,
				4D71546919183F820040A1CC /* PUDServiceProvider.h */,
				4D71546A19183F820040A1CC /* PUDServiceProvider.m */,
			);
			name = Services;
			sourceTree = "<group>";
		};
		4D71546419183F270040A1CC /* Protocols */ = {
			isa = PBXGroup;
			children = (
				4D71546519183F510040A1CC /* PUDFuelServiceProtocol.h */,
				4D71546C191923460040A1CC /* PUDMessageModelProtocol.h */,
			);
			name = Protocols;
			sourceTree = "<group>";
		};
/* End PBXGroup section */

/* Begin PBXNativeTarget section */
		4D2DDFF0191051BD00B65B6F /* PublicDemo */ = {
			isa = PBXNativeTarget;
			buildConfigurationList = 4D2DE026191051BE00B65B6F /* Build configuration list for PBXNativeTarget "PublicDemo" */;
			buildPhases = (
				4D2DDFED191051BD00B65B6F /* Sources */,
				4D2DDFEE191051BD00B65B6F /* Frameworks */,
				4D2DDFEF191051BD00B65B6F /* Resources */,
			);
			buildRules = (
			);
			dependencies = (
			);
			name = PublicDemo;
			productName = PushDemo;
			productReference = 4D2DDFF1191051BD00B65B6F /* PublicDemo.app */;
			productType = "com.apple.product-type.application";
		};
		4D2DE014191051BD00B65B6F /* PublicDemoTests */ = {
			isa = PBXNativeTarget;
			buildConfigurationList = 4D2DE029191051BE00B65B6F /* Build configuration list for PBXNativeTarget "PublicDemoTests" */;
			buildPhases = (
				4D2DE011191051BD00B65B6F /* Sources */,
				4D2DE012191051BD00B65B6F /* Frameworks */,
				4D2DE013191051BD00B65B6F /* Resources */,
			);
			buildRules = (
			);
			dependencies = (
				4D2DE01B191051BD00B65B6F /* PBXTargetDependency */,
			);
			name = PublicDemoTests;
			productName = PushDemoTests;
			productReference = 4D2DE015191051BD00B65B6F /* PublicDemoTests.xctest */;
			productType = "com.apple.product-type.bundle.unit-test";
		};
		4DEB0AE0195DE31600790CEF /* PublicDemo-QA */ = {
			isa = PBXNativeTarget;
			buildConfigurationList = 4DEB0B19195DE31600790CEF /* Build configuration list for PBXNativeTarget "PublicDemo-QA" */;
			buildPhases = (
				4DEB0AE1195DE31600790CEF /* Sources */,
				4DEB0B0C195DE31600790CEF /* Frameworks */,
				4DEB0B13195DE31600790CEF /* Resources */,
			);
			buildRules = (
			);
			dependencies = (
			);
			name = "PublicDemo-QA";
			productName = PushDemo;
			productReference = 4DEB0B1C195DE31600790CEF /* PublicDemo-QA.app */;
			productType = "com.apple.product-type.application";
		};
		7F22BEA31958706000FB6562 /* PublicDemo-Internal */ = {
			isa = PBXNativeTarget;
			buildConfigurationList = 7F22BEDC1958706000FB6562 /* Build configuration list for PBXNativeTarget "PublicDemo-Internal" */;
			buildPhases = (
				7F22BEA41958706000FB6562 /* Sources */,
				7F22BECE1958706000FB6562 /* Frameworks */,
				7F22BED51958706000FB6562 /* Resources */,
			);
			buildRules = (
			);
			dependencies = (
			);
			name = "PublicDemo-Internal";
			productName = PushDemo;
			productReference = 7F22BEE01958706000FB6562 /* PublicDemo-Internal.app */;
			productType = "com.apple.product-type.application";
		};
/* End PBXNativeTarget section */

/* Begin PBXProject section */
		4D2DDFE9191051BD00B65B6F /* Project object */ = {
			isa = PBXProject;
			attributes = {
				CLASSPREFIX = PUD;
				LastUpgradeCheck = 0510;
				ORGANIZATIONNAME = ExactTarget;
				TargetAttributes = {
					4D2DDFF0191051BD00B65B6F = {
						DevelopmentTeam = V58D8SLD5N;
						SystemCapabilities = {
							com.apple.BackgroundModes = {
								enabled = 1;
							};
						};
					};
					4D2DE014191051BD00B65B6F = {
						TestTargetID = 4D2DDFF0191051BD00B65B6F;
					};
					7F22BEA31958706000FB6562 = {
						DevelopmentTeam = RNQ52E7G3P;
					};
				};
			};
			buildConfigurationList = 4D2DDFEC191051BD00B65B6F /* Build configuration list for PBXProject "PublicDemo" */;
			compatibilityVersion = "Xcode 3.2";
			developmentRegion = English;
			hasScannedForEncodings = 0;
			knownRegions = (
				en,
				Base,
				de,
				es,
				ja,
				ko,
				pl,
				"zh-Hans",
				"zh-Hant",
			);
			mainGroup = 4D2DDFE8191051BD00B65B6F;
			productRefGroup = 4D2DDFF2191051BD00B65B6F /* Products */;
			projectDirPath = "";
			projectRoot = "";
			targets = (
				4D2DDFF0191051BD00B65B6F /* PublicDemo */,
				7F22BEA31958706000FB6562 /* PublicDemo-Internal */,
				4DEB0AE0195DE31600790CEF /* PublicDemo-QA */,
				4D2DE014191051BD00B65B6F /* PublicDemoTests */,
			);
		};
/* End PBXProject section */

/* Begin PBXResourcesBuildPhase section */
		4D2DDFEF191051BD00B65B6F /* Resources */ = {
			isa = PBXResourcesBuildPhase;
			buildActionMask = 2147483647;
			files = (
				4DCFB93A1922842300BF96BB /* custom.caf in Resources */,
				4D2DE010191051BD00B65B6F /* Images.xcassets in Resources */,
				4D2DDFFF191051BD00B65B6F /* InfoPlist.strings in Resources */,
				4DC4D6F4192A572F00128F29 /* fre3of9x.ttf in Resources */,
				4D2DE008191051BD00B65B6F /* Main.storyboard in Resources */,
			);
			runOnlyForDeploymentPostprocessing = 0;
		};
		4D2DE013191051BD00B65B6F /* Resources */ = {
			isa = PBXResourcesBuildPhase;
			buildActionMask = 2147483647;
			files = (
				4D2DE021191051BD00B65B6F /* InfoPlist.strings in Resources */,
			);
			runOnlyForDeploymentPostprocessing = 0;
		};
		4DEB0B13195DE31600790CEF /* Resources */ = {
			isa = PBXResourcesBuildPhase;
			buildActionMask = 2147483647;
			files = (
				4DEB0B14195DE31600790CEF /* custom.caf in Resources */,
				4DEB0B15195DE31600790CEF /* Images.xcassets in Resources */,
				4DEB0B16195DE31600790CEF /* InfoPlist.strings in Resources */,
				4DEB0B17195DE31600790CEF /* fre3of9x.ttf in Resources */,
				4DEB0B18195DE31600790CEF /* Main.storyboard in Resources */,
			);
			runOnlyForDeploymentPostprocessing = 0;
		};
		7F22BED51958706000FB6562 /* Resources */ = {
			isa = PBXResourcesBuildPhase;
			buildActionMask = 2147483647;
			files = (
				7F22BED61958706000FB6562 /* custom.caf in Resources */,
				7F22BED71958706000FB6562 /* Images.xcassets in Resources */,
				7F22BED81958706000FB6562 /* InfoPlist.strings in Resources */,
				7F22BED91958706000FB6562 /* fre3of9x.ttf in Resources */,
				7F22BEDB1958706000FB6562 /* Main.storyboard in Resources */,
			);
			runOnlyForDeploymentPostprocessing = 0;
		};
/* End PBXResourcesBuildPhase section */

/* Begin PBXSourcesBuildPhase section */
		4D2DDFED191051BD00B65B6F /* Sources */ = {
			isa = PBXSourcesBuildPhase;
			buildActionMask = 2147483647;
			files = (
				4D71546B19183F820040A1CC /* PUDServiceProvider.m in Sources */,
				4D57233719377AA5007B1464 /* AFNetworkReachabilityManager.m in Sources */,
				4D5723591937E19F007B1464 /* PUDHomeViewController.m in Sources */,
				4DC4D67D1925B5BA00128F29 /* PUDInfoViewController.m in Sources */,
				4D71546219183EE60040A1CC /* PUDMessageComposeTableViewController.m in Sources */,
				4D57234119377AA5007B1464 /* JDStatusBarView.m in Sources */,
				4D715470191923AA0040A1CC /* PUDDefaultMessageModel.m in Sources */,
				4D71546819183F660040A1CC /* PUDFuelService.m in Sources */,
				4DC4D6EF192A497900128F29 /* PUDDiscountTableViewController.m in Sources */,
				4D57234219377AA5007B1464 /* PBWebViewController.m in Sources */,
				4D57233C19377AA5007B1464 /* AFURLSessionManager.m in Sources */,
				4D2DE04B19105BB100B65B6F /* PUDConstants.m in Sources */,
				4D651C54191D54AB000BAF5E /* PUDMessagePayload.m in Sources */,
				4DEB0ADF195DC22900790CEF /* PUDAppSettingConstants.m in Sources */,
				4D2DE005191051BD00B65B6F /* PUDAppDelegate.m in Sources */,
				4D2180DB194A9D37004F6095 /* PUDSendMessageViewController.m in Sources */,
				4DEC6D14196CDD4F00322A99 /* PUDCloudPageInboxDataSource.m in Sources */,
				4D2180E2194B7B87004F6095 /* PUDAbstractPageViewController.m in Sources */,
				4DCFB93519227E4700BF96BB /* PUDTabBarController.m in Sources */,
				4DCFB92F192127CB00BF96BB /* PUDMessageReceivedTableViewController.m in Sources */,
				4D57233D19377AA5007B1464 /* UIColor+ExactTargetColors.m in Sources */,
				4D57234019377AA5007B1464 /* JDStatusBarStyle.m in Sources */,
				4D57233F19377AA5007B1464 /* JDStatusBarNotification.m in Sources */,
				4D2DE05519117CBA00B65B6F /* PUDPreferencesTableViewController.m in Sources */,
				4D667BB019200DB90015BC2E /* PUDPreferencesTableData.m in Sources */,
				4D2180D819490A5C004F6095 /* PUDPageContentViewController.m in Sources */,
				4D667BAD192005370015BC2E /* PUDPreferencesTableViewCell.m in Sources */,
				4D57233B19377AA5007B1464 /* AFURLResponseSerialization.m in Sources */,
				4D57233419377AA5007B1464 /* AFHTTPRequestOperation.m in Sources */,
				4D57233919377AA5007B1464 /* AFURLConnectionOperation.m in Sources */,
				4DD373EA19632DCF0005E6FF /* PUDCloudPageInboxViewController.m in Sources */,
				4D57233519377AA5007B1464 /* AFHTTPRequestOperationManager.m in Sources */,
				4DC426A91923AE9D002168F7 /* PUDMessageComposeTableData.m in Sources */,
				4D667BA0191D9BDD0015BC2E /* AFHTTPRequestOperationManager+AuthenticatedFuelRequest.m in Sources */,
				4DC426AC1923ECF3002168F7 /* PUDDataPickerView.m in Sources */,
				4DEC6D19196CE4A500322A99 /* PUDCloudPageInboxTableViewCell.m in Sources */,
				3D91051919A7CE760078A715 /* PUDBeaconsViewController.m in Sources */,
				4DC4D6F2192A4AF700128F29 /* PUDDiscountTableData.m in Sources */,
				4DCFB93219227BD300BF96BB /* PUDNavigationController.m in Sources */,
				4D57233A19377AA5007B1464 /* AFURLRequestSerialization.m in Sources */,
				4D57233819377AA5007B1464 /* AFSecurityPolicy.m in Sources */,
				4D57233619377AA5007B1464 /* AFHTTPSessionManager.m in Sources */,
				4DC4D6801925C16000128F29 /* PUDUtility.m in Sources */,
				4D2DE001191051BD00B65B6F /* main.m in Sources */,
			);
			runOnlyForDeploymentPostprocessing = 0;
		};
		4D2DE011191051BD00B65B6F /* Sources */ = {
			isa = PBXSourcesBuildPhase;
			buildActionMask = 2147483647;
			files = (
				4D2DE023191051BD00B65B6F /* PublicDemoTests.m in Sources */,
			);
			runOnlyForDeploymentPostprocessing = 0;
		};
		4DEB0AE1195DE31600790CEF /* Sources */ = {
			isa = PBXSourcesBuildPhase;
			buildActionMask = 2147483647;
			files = (
				4DEB0AE2195DE31600790CEF /* PUDServiceProvider.m in Sources */,
				4DEB0AE3195DE31600790CEF /* AFNetworkReachabilityManager.m in Sources */,
				4DEB0AE4195DE31600790CEF /* PUDHomeViewController.m in Sources */,
				4DEB0AE5195DE31600790CEF /* PUDInfoViewController.m in Sources */,
				4DEB0AE6195DE31600790CEF /* PUDMessageComposeTableViewController.m in Sources */,
				4DEB0AE7195DE31600790CEF /* JDStatusBarView.m in Sources */,
				4DEB0AE8195DE31600790CEF /* PUDDefaultMessageModel.m in Sources */,
				4DEB0AE9195DE31600790CEF /* PUDFuelService.m in Sources */,
				4DEB0AEA195DE31600790CEF /* PUDDiscountTableViewController.m in Sources */,
				4DEB0AEB195DE31600790CEF /* PBWebViewController.m in Sources */,
				4DEB0AEC195DE31600790CEF /* AFURLSessionManager.m in Sources */,
				4DEB0AED195DE31600790CEF /* PUDConstants.m in Sources */,
				4DEB0AEE195DE31600790CEF /* PUDMessagePayload.m in Sources */,
				4DEB0AF0195DE31600790CEF /* PUDAppSettingConstants.m in Sources */,
				4DEB0AF1195DE31600790CEF /* PUDAppDelegate.m in Sources */,
				4DEB0AF2195DE31600790CEF /* PUDSendMessageViewController.m in Sources */,
				4DEC6D16196CDD4F00322A99 /* PUDCloudPageInboxDataSource.m in Sources */,
				4DEB0AF3195DE31600790CEF /* PUDAbstractPageViewController.m in Sources */,
				4DEB0AF4195DE31600790CEF /* PUDTabBarController.m in Sources */,
				4DEB0AF6195DE31600790CEF /* PUDMessageReceivedTableViewController.m in Sources */,
				4DEB0AF7195DE31600790CEF /* UIColor+ExactTargetColors.m in Sources */,
				4DEB0AF8195DE31600790CEF /* JDStatusBarStyle.m in Sources */,
				4DEB0AF9195DE31600790CEF /* JDStatusBarNotification.m in Sources */,
				4DEB0AFA195DE31600790CEF /* PUDPreferencesTableViewController.m in Sources */,
				4DEB0AFB195DE31600790CEF /* PUDPreferencesTableData.m in Sources */,
				4DEB0AFC195DE31600790CEF /* PUDPageContentViewController.m in Sources */,
				4DEB0AFD195DE31600790CEF /* PUDPreferencesTableViewCell.m in Sources */,
				4DEB0AFE195DE31600790CEF /* AFURLResponseSerialization.m in Sources */,
				4DEB0AFF195DE31600790CEF /* AFHTTPRequestOperation.m in Sources */,
				4DEB0B00195DE31600790CEF /* AFURLConnectionOperation.m in Sources */,
				4DD373EC19632DCF0005E6FF /* PUDCloudPageInboxViewController.m in Sources */,
				4DEB0B01195DE31600790CEF /* AFHTTPRequestOperationManager.m in Sources */,
				4DEB0B02195DE31600790CEF /* PUDMessageComposeTableData.m in Sources */,
				4DEB0B03195DE31600790CEF /* AFHTTPRequestOperationManager+AuthenticatedFuelRequest.m in Sources */,
				4DEB0B04195DE31600790CEF /* PUDDataPickerView.m in Sources */,
				4DEC6D1B196CE4A500322A99 /* PUDCloudPageInboxTableViewCell.m in Sources */,
				3D91051B19A7CE760078A715 /* PUDBeaconsViewController.m in Sources */,
				4DEB0B05195DE31600790CEF /* PUDDiscountTableData.m in Sources */,
				4DEB0B06195DE31600790CEF /* PUDNavigationController.m in Sources */,
				4DEB0B07195DE31600790CEF /* AFURLRequestSerialization.m in Sources */,
				4DEB0B08195DE31600790CEF /* AFSecurityPolicy.m in Sources */,
				4DEB0B09195DE31600790CEF /* AFHTTPSessionManager.m in Sources */,
				4DEB0B0A195DE31600790CEF /* PUDUtility.m in Sources */,
				4DEB0B0B195DE31600790CEF /* main.m in Sources */,
			);
			runOnlyForDeploymentPostprocessing = 0;
		};
		7F22BEA41958706000FB6562 /* Sources */ = {
			isa = PBXSourcesBuildPhase;
			buildActionMask = 2147483647;
			files = (
				7F22BEA51958706000FB6562 /* PUDServiceProvider.m in Sources */,
				7F22BEA61958706000FB6562 /* AFNetworkReachabilityManager.m in Sources */,
				7F22BEA71958706000FB6562 /* PUDHomeViewController.m in Sources */,
				7F22BEA81958706000FB6562 /* PUDInfoViewController.m in Sources */,
				7F22BEA91958706000FB6562 /* PUDMessageComposeTableViewController.m in Sources */,
				7F22BEAA1958706000FB6562 /* JDStatusBarView.m in Sources */,
				7F22BEAB1958706000FB6562 /* PUDDefaultMessageModel.m in Sources */,
				7F22BEAC1958706000FB6562 /* PUDFuelService.m in Sources */,
				7F22BEAD1958706000FB6562 /* PUDDiscountTableViewController.m in Sources */,
				7F22BEAE1958706000FB6562 /* PBWebViewController.m in Sources */,
				7F22BEAF1958706000FB6562 /* AFURLSessionManager.m in Sources */,
				7F22BEB01958706000FB6562 /* PUDConstants.m in Sources */,
				7F22BEB11958706000FB6562 /* PUDMessagePayload.m in Sources */,
				4D72EE1D195DEF2A00068553 /* PUDAppSettingConstants.m in Sources */,
				7F22BEB31958706000FB6562 /* PUDAppDelegate.m in Sources */,
				7F22BEB41958706000FB6562 /* PUDSendMessageViewController.m in Sources */,
				4DEC6D15196CDD4F00322A99 /* PUDCloudPageInboxDataSource.m in Sources */,
				7F22BEB51958706000FB6562 /* PUDAbstractPageViewController.m in Sources */,
				7F22BEB61958706000FB6562 /* PUDTabBarController.m in Sources */,
				7F22BEB81958706000FB6562 /* PUDMessageReceivedTableViewController.m in Sources */,
				7F22BEB91958706000FB6562 /* UIColor+ExactTargetColors.m in Sources */,
				7F22BEBA1958706000FB6562 /* JDStatusBarStyle.m in Sources */,
				7F22BEBB1958706000FB6562 /* JDStatusBarNotification.m in Sources */,
				7F22BEBC1958706000FB6562 /* PUDPreferencesTableViewController.m in Sources */,
				7F22BEBD1958706000FB6562 /* PUDPreferencesTableData.m in Sources */,
				7F22BEBE1958706000FB6562 /* PUDPageContentViewController.m in Sources */,
				7F22BEBF1958706000FB6562 /* PUDPreferencesTableViewCell.m in Sources */,
				7F22BEC01958706000FB6562 /* AFURLResponseSerialization.m in Sources */,
				7F22BEC11958706000FB6562 /* AFHTTPRequestOperation.m in Sources */,
				7F22BEC21958706000FB6562 /* AFURLConnectionOperation.m in Sources */,
				4DD373EB19632DCF0005E6FF /* PUDCloudPageInboxViewController.m in Sources */,
				7F22BEC31958706000FB6562 /* AFHTTPRequestOperationManager.m in Sources */,
				7F22BEC41958706000FB6562 /* PUDMessageComposeTableData.m in Sources */,
				7F22BEC51958706000FB6562 /* AFHTTPRequestOperationManager+AuthenticatedFuelRequest.m in Sources */,
				7F22BEC61958706000FB6562 /* PUDDataPickerView.m in Sources */,
				4DEC6D1A196CE4A500322A99 /* PUDCloudPageInboxTableViewCell.m in Sources */,
				3D91051A19A7CE760078A715 /* PUDBeaconsViewController.m in Sources */,
				7F22BEC71958706000FB6562 /* PUDDiscountTableData.m in Sources */,
				7F22BEC81958706000FB6562 /* PUDNavigationController.m in Sources */,
				7F22BEC91958706000FB6562 /* AFURLRequestSerialization.m in Sources */,
				7F22BECA1958706000FB6562 /* AFSecurityPolicy.m in Sources */,
				7F22BECB1958706000FB6562 /* AFHTTPSessionManager.m in Sources */,
				7F22BECC1958706000FB6562 /* PUDUtility.m in Sources */,
				7F22BECD1958706000FB6562 /* main.m in Sources */,
			);
			runOnlyForDeploymentPostprocessing = 0;
		};
/* End PBXSourcesBuildPhase section */

/* Begin PBXTargetDependency section */
		4D2DE01B191051BD00B65B6F /* PBXTargetDependency */ = {
			isa = PBXTargetDependency;
			target = 4D2DDFF0191051BD00B65B6F /* PublicDemo */;
			targetProxy = 4D2DE01A191051BD00B65B6F /* PBXContainerItemProxy */;
		};
/* End PBXTargetDependency section */

/* Begin PBXVariantGroup section */
		4D2DDFFD191051BD00B65B6F /* InfoPlist.strings */ = {
			isa = PBXVariantGroup;
			children = (
				4D2DDFFE191051BD00B65B6F /* en */,
			);
			name = InfoPlist.strings;
			sourceTree = "<group>";
		};
		4D2DE006191051BD00B65B6F /* Main.storyboard */ = {
			isa = PBXVariantGroup;
			children = (
				4D2DE007191051BD00B65B6F /* Base */,
			);
			name = Main.storyboard;
			sourceTree = "<group>";
		};
		4D2DE01F191051BD00B65B6F /* InfoPlist.strings */ = {
			isa = PBXVariantGroup;
			children = (
				4D2DE020191051BD00B65B6F /* en */,
			);
			name = InfoPlist.strings;
			sourceTree = "<group>";
		};
/* End PBXVariantGroup section */

/* Begin XCBuildConfiguration section */
		4D2DE024191051BE00B65B6F /* Debug */ = {
			isa = XCBuildConfiguration;
			buildSettings = {
				ALWAYS_SEARCH_USER_PATHS = NO;
				CLANG_CXX_LANGUAGE_STANDARD = "gnu++0x";
				CLANG_CXX_LIBRARY = "libc++";
				CLANG_ENABLE_MODULES = YES;
				CLANG_ENABLE_OBJC_ARC = YES;
				CLANG_WARN_BOOL_CONVERSION = YES;
				CLANG_WARN_CONSTANT_CONVERSION = YES;
				CLANG_WARN_DIRECT_OBJC_ISA_USAGE = YES_ERROR;
				CLANG_WARN_EMPTY_BODY = YES;
				CLANG_WARN_ENUM_CONVERSION = YES;
				CLANG_WARN_INT_CONVERSION = YES;
				CLANG_WARN_OBJC_ROOT_CLASS = YES_ERROR;
				CLANG_WARN__DUPLICATE_METHOD_MATCH = YES;
				"CODE_SIGN_IDENTITY[sdk=iphoneos*]" = "iPhone Developer: Edwin Roger (8E395V6HFD)";
				COPY_PHASE_STRIP = NO;
				GCC_C_LANGUAGE_STANDARD = gnu99;
				GCC_DYNAMIC_NO_PIC = NO;
				GCC_OPTIMIZATION_LEVEL = 0;
				GCC_PREPROCESSOR_DEFINITIONS = (
					"DEBUG=1",
					"$(inherited)",
				);
				GCC_SYMBOLS_PRIVATE_EXTERN = NO;
				GCC_WARN_64_TO_32_BIT_CONVERSION = YES;
				GCC_WARN_ABOUT_RETURN_TYPE = YES_ERROR;
				GCC_WARN_UNDECLARED_SELECTOR = YES;
				GCC_WARN_UNINITIALIZED_AUTOS = YES_AGGRESSIVE;
				GCC_WARN_UNUSED_FUNCTION = YES;
				GCC_WARN_UNUSED_VARIABLE = YES;
				IPHONEOS_DEPLOYMENT_TARGET = 6.0;
				ONLY_ACTIVE_ARCH = YES;
				PROVISIONING_PROFILE = "8EC7719A-6D89-4806-9CC9-00FF624D5B08";
				SDKROOT = iphoneos;
			};
			name = Debug;
		};
		4D2DE025191051BE00B65B6F /* Release */ = {
			isa = XCBuildConfiguration;
			buildSettings = {
				ALWAYS_SEARCH_USER_PATHS = NO;
				CLANG_CXX_LANGUAGE_STANDARD = "gnu++0x";
				CLANG_CXX_LIBRARY = "libc++";
				CLANG_ENABLE_MODULES = YES;
				CLANG_ENABLE_OBJC_ARC = YES;
				CLANG_WARN_BOOL_CONVERSION = YES;
				CLANG_WARN_CONSTANT_CONVERSION = YES;
				CLANG_WARN_DIRECT_OBJC_ISA_USAGE = YES_ERROR;
				CLANG_WARN_EMPTY_BODY = YES;
				CLANG_WARN_ENUM_CONVERSION = YES;
				CLANG_WARN_INT_CONVERSION = YES;
				CLANG_WARN_OBJC_ROOT_CLASS = YES_ERROR;
				CLANG_WARN__DUPLICATE_METHOD_MATCH = YES;
				"CODE_SIGN_IDENTITY[sdk=iphoneos*]" = "${BUNDLE_IDENTIFIER}";
				COPY_PHASE_STRIP = YES;
				ENABLE_NS_ASSERTIONS = NO;
				GCC_C_LANGUAGE_STANDARD = gnu99;
				GCC_WARN_64_TO_32_BIT_CONVERSION = YES;
				GCC_WARN_ABOUT_RETURN_TYPE = YES_ERROR;
				GCC_WARN_UNDECLARED_SELECTOR = YES;
				GCC_WARN_UNINITIALIZED_AUTOS = YES_AGGRESSIVE;
				GCC_WARN_UNUSED_FUNCTION = YES;
				GCC_WARN_UNUSED_VARIABLE = YES;
				IPHONEOS_DEPLOYMENT_TARGET = 6.0;
				PROVISIONING_PROFILE = "58D98FA9-68D4-4E92-A9DB-80C9846FFE6A";
				SDKROOT = iphoneos;
				VALIDATE_PRODUCT = YES;
			};
			name = Release;
		};
		4D2DE027191051BE00B65B6F /* Debug */ = {
			isa = XCBuildConfiguration;
			buildSettings = {
				ASSETCATALOG_COMPILER_APPICON_NAME = AppIcon;
				ASSETCATALOG_COMPILER_LAUNCHIMAGE_NAME = LaunchImage;
				BUNDLE_DISPLAY_NAME = "DEV - PF";
				BUNDLE_IDENTIFIER = com.exacttarget.internal.PublicDemo;
				CODE_SIGN_IDENTITY = "iPhone Developer: Matthew Lathrop (ND6E2BN7MZ)";
				"CODE_SIGN_IDENTITY[sdk=iphoneos*]" = "iPhone Developer";
				GCC_INSTRUMENT_PROGRAM_FLOW_ARCS = NO;
				GCC_PRECOMPILE_PREFIX_HEADER = YES;
				GCC_PREFIX_HEADER = "PublicDemo/PublicDemo-Prefix.pch";
				HEADER_SEARCH_PATHS = "";
				INFOPLIST_FILE = "PublicDemo/PublicDemo-Info.plist";
				LIBRARY_SEARCH_PATHS = "$(PROJECT_DIR)/PublicDemo/Libraries/etpushsdk";
				PRODUCT_NAME = PublicDemo;
				PROVISIONING_PROFILE = "3888A363-FC2E-4555-964F-971DAF649B60";
				WRAPPER_EXTENSION = app;
			};
			name = Debug;
		};
		4D2DE028191051BE00B65B6F /* Release */ = {
			isa = XCBuildConfiguration;
			buildSettings = {
				ASSETCATALOG_COMPILER_APPICON_NAME = AppIcon;
				ASSETCATALOG_COMPILER_LAUNCHIMAGE_NAME = LaunchImage;
				BUNDLE_DISPLAY_NAME = "Practice Field";
				BUNDLE_IDENTIFIER = com.exacttarget.publicdemo;
				CODE_SIGN_IDENTITY = "iPhone Developer: Matthew Lathrop (ND6E2BN7MZ)";
				"CODE_SIGN_IDENTITY[sdk=iphoneos*]" = "iPhone Developer";
				GCC_INSTRUMENT_PROGRAM_FLOW_ARCS = NO;
				GCC_PRECOMPILE_PREFIX_HEADER = YES;
				GCC_PREFIX_HEADER = "PublicDemo/PublicDemo-Prefix.pch";
				HEADER_SEARCH_PATHS = "";
				INFOPLIST_FILE = "PublicDemo/PublicDemo-Info.plist";
				LIBRARY_SEARCH_PATHS = "$(PROJECT_DIR)/PublicDemo/Libraries/etpushsdk";
				PRODUCT_NAME = PublicDemo;
				PROVISIONING_PROFILE = "3888A363-FC2E-4555-964F-971DAF649B60";
				WRAPPER_EXTENSION = app;
			};
			name = Release;
		};
		4D2DE02A191051BE00B65B6F /* Debug */ = {
			isa = XCBuildConfiguration;
			buildSettings = {
				BUNDLE_LOADER = "$(BUILT_PRODUCTS_DIR)/PublicDemo.app/PublicDemo";
				FRAMEWORK_SEARCH_PATHS = (
					"$(SDKROOT)/Developer/Library/Frameworks",
					"$(inherited)",
					"$(DEVELOPER_FRAMEWORKS_DIR)",
				);
				GCC_PRECOMPILE_PREFIX_HEADER = YES;
				GCC_PREFIX_HEADER = "PushDemo/PublicDemo-Prefix.pch";
				GCC_PREPROCESSOR_DEFINITIONS = (
					"DEBUG=1",
					"$(inherited)",
				);
				INFOPLIST_FILE = "PushDemoTests/PublicDemoTests-Info.plist";
				LIBRARY_SEARCH_PATHS = (
					"$(inherited)",
					"$(PROJECT_DIR)/PushDemo",
				);
				PRODUCT_NAME = PublicDemoTests;
				TEST_HOST = "$(BUNDLE_LOADER)";
				WRAPPER_EXTENSION = xctest;
			};
			name = Debug;
		};
		4D2DE02B191051BE00B65B6F /* Release */ = {
			isa = XCBuildConfiguration;
			buildSettings = {
				BUNDLE_LOADER = "$(BUILT_PRODUCTS_DIR)/PublicDemo.app/PublicDemo";
				FRAMEWORK_SEARCH_PATHS = (
					"$(SDKROOT)/Developer/Library/Frameworks",
					"$(inherited)",
					"$(DEVELOPER_FRAMEWORKS_DIR)",
				);
				GCC_PRECOMPILE_PREFIX_HEADER = YES;
				GCC_PREFIX_HEADER = "PushDemo/PublicDemo-Prefix.pch";
				INFOPLIST_FILE = "PushDemoTests/PublicDemoTests-Info.plist";
				LIBRARY_SEARCH_PATHS = (
					"$(inherited)",
					"$(PROJECT_DIR)/PushDemo",
				);
				PRODUCT_NAME = PublicDemoTests;
				TEST_HOST = "$(BUNDLE_LOADER)";
				WRAPPER_EXTENSION = xctest;
			};
			name = Release;
		};
		4DEB0B1A195DE31600790CEF /* Debug */ = {
			isa = XCBuildConfiguration;
			buildSettings = {
				ASSETCATALOG_COMPILER_APPICON_NAME = AppIcon;
				ASSETCATALOG_COMPILER_LAUNCHIMAGE_NAME = LaunchImage;
				BUNDLE_DISPLAY_NAME = "QA1S1 - PF";
				BUNDLE_IDENTIFIER = com.exacttarget.internal.PublicDemo;
				CODE_SIGN_IDENTITY = "iPhone Developer";
				"CODE_SIGN_IDENTITY[sdk=iphoneos*]" = "iPhone Developer";
				FRAMEWORK_SEARCH_PATHS = "";
				GCC_INSTRUMENT_PROGRAM_FLOW_ARCS = NO;
				GCC_PRECOMPILE_PREFIX_HEADER = YES;
				GCC_PREFIX_HEADER = "PublicDemo/PublicDemo-Prefix.pch";
				GCC_PREPROCESSOR_DEFINITIONS = "QA=1";
				HEADER_SEARCH_PATHS = "";
				INFOPLIST_FILE = "PublicDemo copy2-Info.plist";
				LIBRARY_SEARCH_PATHS = (
					"$(inherited)",
					"$(PROJECT_DIR)/PublicDemo/Libraries/etpushsdk",
				);
				PRODUCT_NAME = "PublicDemo-QA";
				PROVISIONING_PROFILE = "021B58A0-CB10-4A1E-8A1D-C7F8AED51DE6";
				WRAPPER_EXTENSION = app;
			};
			name = Debug;
		};
		4DEB0B1B195DE31600790CEF /* Release */ = {
			isa = XCBuildConfiguration;
			buildSettings = {
				ASSETCATALOG_COMPILER_APPICON_NAME = AppIcon;
				ASSETCATALOG_COMPILER_LAUNCHIMAGE_NAME = LaunchImage;
				BUNDLE_DISPLAY_NAME = "QA1S1 - Practice Field";
				BUNDLE_IDENTIFIER = com.exacttarget.internal.PublicDemo;
				CODE_SIGN_IDENTITY = "iPhone Distribution: ExactTarget, Inc";
				FRAMEWORK_SEARCH_PATHS = "";
				GCC_INSTRUMENT_PROGRAM_FLOW_ARCS = NO;
				GCC_PRECOMPILE_PREFIX_HEADER = YES;
				GCC_PREFIX_HEADER = "PublicDemo/PublicDemo-Prefix.pch";
				GCC_PREPROCESSOR_DEFINITIONS = "QA=1";
				HEADER_SEARCH_PATHS = "";
				INFOPLIST_FILE = "PublicDemo copy2-Info.plist";
				LIBRARY_SEARCH_PATHS = (
					"$(inherited)",
					"$(PROJECT_DIR)/PublicDemo/Libraries/etpushsdk",
				);
				PRODUCT_NAME = "PublicDemo-QA";
				PROVISIONING_PROFILE = "021B58A0-CB10-4A1E-8A1D-C7F8AED51DE6";
				WRAPPER_EXTENSION = app;
			};
			name = Release;
		};
		7F22BEDD1958706000FB6562 /* Debug */ = {
			isa = XCBuildConfiguration;
			buildSettings = {
				ASSETCATALOG_COMPILER_APPICON_NAME = AppIcon;
				ASSETCATALOG_COMPILER_LAUNCHIMAGE_NAME = LaunchImage;
				BUNDLE_DISPLAY_NAME = "DEV - PF";
				BUNDLE_IDENTIFIER = com.exacttarget.internal.PublicDemo;
				CODE_SIGN_IDENTITY = "iPhone Developer";
				"CODE_SIGN_IDENTITY[sdk=iphoneos*]" = "iPhone Developer";
				GCC_INSTRUMENT_PROGRAM_FLOW_ARCS = NO;
				GCC_PRECOMPILE_PREFIX_HEADER = YES;
				GCC_PREFIX_HEADER = "PublicDemo/PublicDemo-Prefix.pch";
				GCC_PREPROCESSOR_DEFINITIONS = "DEBUG=1";
				HEADER_SEARCH_PATHS = "";
				INFOPLIST_FILE = "$(SRCROOT)/PublicDemo-Internal-Info.plist";
				LIBRARY_SEARCH_PATHS = "$(PROJECT_DIR)/PublicDemo/Libraries/etpushsdk";
				PRODUCT_NAME = "PublicDemo-Internal";
				PROVISIONING_PROFILE = "";
				WRAPPER_EXTENSION = app;
			};
			name = Debug;
		};
		7F22BEDE1958706000FB6562 /* Release */ = {
			isa = XCBuildConfiguration;
			buildSettings = {
				ASSETCATALOG_COMPILER_APPICON_NAME = AppIcon;
				ASSETCATALOG_COMPILER_LAUNCHIMAGE_NAME = LaunchImage;
				BUNDLE_DISPLAY_NAME = "Practice Field";
				BUNDLE_IDENTIFIER = com.exacttarget.publicdemo;
				CODE_SIGN_IDENTITY = "iPhone Developer";
				"CODE_SIGN_IDENTITY[sdk=iphoneos*]" = "iPhone Developer";
				GCC_INSTRUMENT_PROGRAM_FLOW_ARCS = NO;
				GCC_PRECOMPILE_PREFIX_HEADER = YES;
				GCC_PREFIX_HEADER = "PublicDemo/PublicDemo-Prefix.pch";
				GCC_PREPROCESSOR_DEFINITIONS = "ADHOC=1";
				HEADER_SEARCH_PATHS = "";
				INFOPLIST_FILE = "$(SRCROOT)/PublicDemo-Internal-Info.plist";
				LIBRARY_SEARCH_PATHS = "$(PROJECT_DIR)/PublicDemo/Libraries/etpushsdk";
				PRODUCT_NAME = "PublicDemo-Internal";
				PROVISIONING_PROFILE = "";
				WRAPPER_EXTENSION = app;
			};
			name = Release;
		};
/* End XCBuildConfiguration section */

/* Begin XCConfigurationList section */
		4D2DDFEC191051BD00B65B6F /* Build configuration list for PBXProject "PublicDemo" */ = {
			isa = XCConfigurationList;
			buildConfigurations = (
				4D2DE024191051BE00B65B6F /* Debug */,
				4D2DE025191051BE00B65B6F /* Release */,
			);
			defaultConfigurationIsVisible = 0;
			defaultConfigurationName = Release;
		};
		4D2DE026191051BE00B65B6F /* Build configuration list for PBXNativeTarget "PublicDemo" */ = {
			isa = XCConfigurationList;
			buildConfigurations = (
				4D2DE027191051BE00B65B6F /* Debug */,
				4D2DE028191051BE00B65B6F /* Release */,
			);
			defaultConfigurationIsVisible = 0;
			defaultConfigurationName = Release;
		};
		4D2DE029191051BE00B65B6F /* Build configuration list for PBXNativeTarget "PublicDemoTests" */ = {
			isa = XCConfigurationList;
			buildConfigurations = (
				4D2DE02A191051BE00B65B6F /* Debug */,
				4D2DE02B191051BE00B65B6F /* Release */,
			);
			defaultConfigurationIsVisible = 0;
			defaultConfigurationName = Release;
		};
		4DEB0B19195DE31600790CEF /* Build configuration list for PBXNativeTarget "PublicDemo-QA" */ = {
			isa = XCConfigurationList;
			buildConfigurations = (
				4DEB0B1A195DE31600790CEF /* Debug */,
				4DEB0B1B195DE31600790CEF /* Release */,
			);
			defaultConfigurationIsVisible = 0;
			defaultConfigurationName = Release;
		};
		7F22BEDC1958706000FB6562 /* Build configuration list for PBXNativeTarget "PublicDemo-Internal" */ = {
			isa = XCConfigurationList;
			buildConfigurations = (
				7F22BEDD1958706000FB6562 /* Debug */,
				7F22BEDE1958706000FB6562 /* Release */,
			);
			defaultConfigurationIsVisible = 0;
			defaultConfigurationName = Release;
		};
/* End XCConfigurationList section */
	};
	rootObject = 4D2DDFE9191051BD00B65B6F /* Project object */;
}
